Microsoft Visual Studio Solution File, Format Version 11.00
# Visual Studio 2010
Project("{8BC9CEB8-8B4A-11D0-8D11-00A0C91BC942}") = "openFrescoDll", "proj\openFrescoDll\openFrescoDll.vcxproj", "{41D52F86-31CD-4DCF-8F58-BEC7C09D48E7}"
EndProject
Project("{8BC9CEB8-8B4A-11D0-8D11-00A0C91BC942}") = "cExample", "proj\cExample\cExample.vcxproj", "{2F8F864C-55C7-457E-9D80-ACB031753D56}"
EndProject
Project("{8BC9CEB8-8B4A-11D0-8D11-00A0C91BC942}") = "openFrescoExe", "proj\openFrescoExe\openFrescoExe.vcxproj", "{AAF2FD8E-1941-4C21-9653-356DC6D13D91}"
EndProject
Global
	GlobalSection(SolutionConfigurationPlatforms) = preSolution
		Debug|x64 = Debug|x64
		Release|x64 = Release|x64
	EndGlobalSection
	GlobalSection(ProjectConfigurationPlatforms) = postSolution
		{41D52F86-31CD-4DCF-8F58-BEC7C09D48E7}.Debug|x64.ActiveCfg = Debug|x64
		{41D52F86-31CD-4DCF-8F58-BEC7C09D48E7}.Debug|x64.Build.0 = Debug|x64
		{41D52F86-31CD-4DCF-8F58-BEC7C09D48E7}.Release|x64.ActiveCfg = Release|x64
		{41D52F86-31CD-4DCF-8F58-BEC7C09D48E7}.Release|x64.Build.0 = Release|x64
		{2F8F864C-55C7-457E-9D80-ACB031753D56}.Debug|x64.ActiveCfg = Debug|x64
		{2F8F864C-55C7-457E-9D80-ACB031753D56}.Debug|x64.Build.0 = Debug|x64
		{2F8F864C-55C7-457E-9D80-ACB031753D56}.Release|x64.ActiveCfg = Release|x64
		{2F8F864C-55C7-457E-9D80-ACB031753D56}.Release|x64.Build.0 = Release|x64
		{AAF2FD8E-1941-4C21-9653-356DC6D13D91}.Debug|x64.ActiveCfg = Debug|x64
		{AAF2FD8E-1941-4C21-9653-356DC6D13D91}.Debug|x64.Build.0 = Debug|x64
		{AAF2FD8E-1941-4C21-9653-356DC6D13D91}.Release|x64.ActiveCfg = Release|x64
		{AAF2FD8E-1941-4C21-9653-356DC6D13D91}.Release|x64.Build.0 = Release|x64
	EndGlobalSection
	GlobalSection(SolutionProperties) = preSolution
		HideSolutionNode = FALSE
	EndGlobalSection
EndGlobal
