<?xml version="1.0" encoding="utf-8"?>
<Project ToolsVersion="4.0" xmlns="http://schemas.microsoft.com/developer/msbuild/2003">
  <ItemGroup>
    <Filter Include="Header Files">
      <UniqueIdentifier>{18e57205-7724-4ec1-9362-9a16a2887082}</UniqueIdentifier>
    </Filter>
    <Filter Include="Resource Files">
      <UniqueIdentifier>{85a90bf6-a366-4a39-8951-a3108ee3751a}</UniqueIdentifier>
    </Filter>
    <Filter Include="interpreter">
      <UniqueIdentifier>{b403a6be-237e-4ac0-984b-8a2d363d5c97}</UniqueIdentifier>
    </Filter>
  </ItemGroup>
  <ItemGroup>
    <ResourceCompile Include="OpenFrescoPyd.rc">
      <Filter>Resource Files</Filter>
    </ResourceCompile>
  </ItemGroup>
  <ItemGroup>
    <ClInclude Include="resource.h">
      <Filter>Header Files</Filter>
    </ClInclude>
    <ClInclude Include="..\..\..\SRC\FrescoGlobals.h">
      <Filter>Header Files</Filter>
    </ClInclude>
    <ClInclude Include="..\..\..\SRC\interpreter\python\PythonStream.h">
      <Filter>Header Files</Filter>
    </ClInclude>
    <ClInclude Include="..\..\..\SRC\interpreter\DL_Interpreter.h">
      <Filter>Header Files</Filter>
    </ClInclude>
    <ClInclude Include="..\..\..\SRC\interpreter\OpenFrescoCommands.h">
      <Filter>Header Files</Filter>
    </ClInclude>
    <ClInclude Include="..\..\..\SRC\interpreter\python\PythonInterpreter.h">
      <Filter>Header Files</Filter>
    </ClInclude>
    <ClInclude Include="..\..\..\SRC\interpreter\python\PythonWrapper.h">
      <Filter>Header Files</Filter>
    </ClInclude>
  </ItemGroup>
  <ItemGroup>
    <ClCompile Include="..\..\..\SRC\interpreter\DL_Interpreter.cpp">
      <Filter>interpreter</Filter>
    </ClCompile>
    <ClCompile Include="..\..\..\SRC\interpreter\python\PythonInterpreter.cpp">
      <Filter>interpreter</Filter>
    </ClCompile>
    <ClCompile Include="..\..\..\SRC\interpreter\python\PythonWrapper.cpp">
      <Filter>interpreter</Filter>
    </ClCompile>
    <ClCompile Include="..\..\..\SRC\interpreter\OpenFrescoCommands.cpp">
      <Filter>interpreter</Filter>
    </ClCompile>
    <ClCompile Include="..\..\..\SRC\interpreter\ExpControlCommands.cpp">
      <Filter>interpreter</Filter>
    </ClCompile>
    <ClCompile Include="..\..\..\SRC\interpreter\ExpSetupCommands.cpp">
      <Filter>interpreter</Filter>
    </ClCompile>
    <ClCompile Include="..\..\..\SRC\interpreter\ExpRecorderCommands.cpp">
      <Filter>interpreter</Filter>
    </ClCompile>
    <ClCompile Include="..\..\..\SRC\interpreter\ExpSignalFilterCommands.cpp">
      <Filter>interpreter</Filter>
    </ClCompile>
    <ClCompile Include="..\..\..\SRC\interpreter\ExpSiteCommands.cpp">
      <Filter>interpreter</Filter>
    </ClCompile>
    <ClCompile Include="..\..\..\SRC\interpreter\ExpTangentStiffCommands.cpp">
      <Filter>interpreter</Filter>
    </ClCompile>
    <ClCompile Include="..\..\..\SRC\interpreter\ExpElementCommands.cpp">
      <Filter>interpreter</Filter>
    </ClCompile>
    <ClCompile Include="..\..\..\SRC\interpreter\ExpServerCommands.cpp">
      <Filter>interpreter</Filter>
    </ClCompile>
  </ItemGroup>
</Project>