Microsoft Visual Studio Solution File, Format Version 12.00
# Visual Studio Version 16
VisualStudioVersion = 16.0.32413.511
MinimumVisualStudioVersion = 10.0.40219.1
Project("{8BC9CEB8-8B4A-11D0-8D11-00A0C91BC942}") = "OpenFrescoTcl_dll", "proj\OpenFrescoTcl_dll\OpenFrescoTcl_dll.vcxproj", "{41D52F86-31CD-4DCF-8F58-BEC7C09D48E7}"
	ProjectSection(ProjectDependencies) = postProject
		{4348FB01-52B7-4985-8C73-2ECB3F2BBC80} = {4348FB01-52B7-4985-8C73-2ECB3F2BBC80}
		{F6B3130A-E1ED-4E12-8B08-0D8E732FA9F1} = {F6B3130A-E1ED-4E12-8B08-0D8E732FA9F1}
		{BDE03522-35ED-4E29-9313-DBC56BF14A78} = {BDE03522-35ED-4E29-9313-DBC56BF14A78}
		{3F38B122-ABB4-40C8-9FC4-F726610E6844} = {3F38B122-ABB4-40C8-9FC4-F726610E6844}
		{3F0D6A32-FE16-48F1-945C-71A6ADE7B288} = {3F0D6A32-FE16-48F1-945C-71A6ADE7B288}
		{183FF9A2-35E5-4F05-8263-64DC88D29798} = {183FF9A2-35E5-4F05-8263-64DC88D29798}
		{3E2AA8E0-EEAA-449E-80F4-4C6C0F1ED6A1} = {3E2AA8E0-EEAA-449E-80F4-4C6C0F1ED6A1}
		{2FD3B8EC-80B5-4096-A4D2-BF5C067A6370} = {2FD3B8EC-80B5-4096-A4D2-BF5C067A6370}
	EndProjectSection
EndProject
Project("{8BC9CEB8-8B4A-11D0-8D11-00A0C91BC942}") = "OpenFrescoTcl", "proj\OpenFrescoTcl\OpenFrescoTcl.vcxproj", "{AAF2FD8E-1941-4C21-9653-356DC6D13D91}"
	ProjectSection(ProjectDependencies) = postProject
		{4348FB01-52B7-4985-8C73-2ECB3F2BBC80} = {4348FB01-52B7-4985-8C73-2ECB3F2BBC80}
		{F6B3130A-E1ED-4E12-8B08-0D8E732FA9F1} = {F6B3130A-E1ED-4E12-8B08-0D8E732FA9F1}
		{BDE03522-35ED-4E29-9313-DBC56BF14A78} = {BDE03522-35ED-4E29-9313-DBC56BF14A78}
		{3F38B122-ABB4-40C8-9FC4-F726610E6844} = {3F38B122-ABB4-40C8-9FC4-F726610E6844}
		{3F0D6A32-FE16-48F1-945C-71A6ADE7B288} = {3F0D6A32-FE16-48F1-945C-71A6ADE7B288}
		{183FF9A2-35E5-4F05-8263-64DC88D29798} = {183FF9A2-35E5-4F05-8263-64DC88D29798}
		{3E2AA8E0-EEAA-449E-80F4-4C6C0F1ED6A1} = {3E2AA8E0-EEAA-449E-80F4-4C6C0F1ED6A1}
		{2FD3B8EC-80B5-4096-A4D2-BF5C067A6370} = {2FD3B8EC-80B5-4096-A4D2-BF5C067A6370}
	EndProjectSection
EndProject
Project("{8BC9CEB8-8B4A-11D0-8D11-00A0C91BC942}") = "experimentalControl", "proj\experimentalControl\experimentalControl.vcxproj", "{F6B3130A-E1ED-4E12-8B08-0D8E732FA9F1}"
EndProject
Project("{8BC9CEB8-8B4A-11D0-8D11-00A0C91BC942}") = "experimentalElement", "proj\experimentalElement\experimentalElement.vcxproj", "{183FF9A2-35E5-4F05-8263-64DC88D29798}"
EndProject
Project("{8BC9CEB8-8B4A-11D0-8D11-00A0C91BC942}") = "experimentalRecorder", "proj\experimentalRecorder\experimentalRecorder.vcxproj", "{BDE03522-35ED-4E29-9313-DBC56BF14A78}"
EndProject
Project("{8BC9CEB8-8B4A-11D0-8D11-00A0C91BC942}") = "experimentalSetup", "proj\experimentalSetup\experimentalSetup.vcxproj", "{2FD3B8EC-80B5-4096-A4D2-BF5C067A6370}"
EndProject
Project("{8BC9CEB8-8B4A-11D0-8D11-00A0C91BC942}") = "experimentalSignalFilter", "proj\experimentalSignalFilter\experimentalSignalFilter.vcxproj", "{3E2AA8E0-EEAA-449E-80F4-4C6C0F1ED6A1}"
EndProject
Project("{8BC9CEB8-8B4A-11D0-8D11-00A0C91BC942}") = "experimentalSite", "proj\experimentalSite\experimentalSite.vcxproj", "{3F0D6A32-FE16-48F1-945C-71A6ADE7B288}"
EndProject
Project("{8BC9CEB8-8B4A-11D0-8D11-00A0C91BC942}") = "experimentalTangentStiff", "proj\experimentalTangentStiff\experimentalTangentStiff.vcxproj", "{4348FB01-52B7-4985-8C73-2ECB3F2BBC80}"
EndProject
Project("{8BC9CEB8-8B4A-11D0-8D11-00A0C91BC942}") = "openseesObjects", "proj\openseesObjects\openseesObjects.vcxproj", "{3F38B122-ABB4-40C8-9FC4-F726610E6844}"
EndProject
Project("{8BC9CEB8-8B4A-11D0-8D11-00A0C91BC942}") = "OpenFrescoPy", "proj\OpenFrescoPy\OpenFrescoPy.vcxproj", "{5D56BF73-BEBD-466D-AA17-E670A6B61C16}"
	ProjectSection(ProjectDependencies) = postProject
		{4348FB01-52B7-4985-8C73-2ECB3F2BBC80} = {4348FB01-52B7-4985-8C73-2ECB3F2BBC80}
		{F6B3130A-E1ED-4E12-8B08-0D8E732FA9F1} = {F6B3130A-E1ED-4E12-8B08-0D8E732FA9F1}
		{BDE03522-35ED-4E29-9313-DBC56BF14A78} = {BDE03522-35ED-4E29-9313-DBC56BF14A78}
		{3F38B122-ABB4-40C8-9FC4-F726610E6844} = {3F38B122-ABB4-40C8-9FC4-F726610E6844}
		{3F0D6A32-FE16-48F1-945C-71A6ADE7B288} = {3F0D6A32-FE16-48F1-945C-71A6ADE7B288}
		{183FF9A2-35E5-4F05-8263-64DC88D29798} = {183FF9A2-35E5-4F05-8263-64DC88D29798}
		{3E2AA8E0-EEAA-449E-80F4-4C6C0F1ED6A1} = {3E2AA8E0-EEAA-449E-80F4-4C6C0F1ED6A1}
		{2FD3B8EC-80B5-4096-A4D2-BF5C067A6370} = {2FD3B8EC-80B5-4096-A4D2-BF5C067A6370}
	EndProjectSection
EndProject
Global
	GlobalSection(SolutionConfigurationPlatforms) = preSolution
		Debug|Win32 = Debug|Win32
		Release|Win32 = Release|Win32
	EndGlobalSection
	GlobalSection(ProjectConfigurationPlatforms) = postSolution
		{41D52F86-31CD-4DCF-8F58-BEC7C09D48E7}.Debug|Win32.ActiveCfg = Debug|Win32
		{41D52F86-31CD-4DCF-8F58-BEC7C09D48E7}.Debug|Win32.Build.0 = Debug|Win32
		{41D52F86-31CD-4DCF-8F58-BEC7C09D48E7}.Release|Win32.ActiveCfg = Release|Win32
		{41D52F86-31CD-4DCF-8F58-BEC7C09D48E7}.Release|Win32.Build.0 = Release|Win32
		{AAF2FD8E-1941-4C21-9653-356DC6D13D91}.Debug|Win32.ActiveCfg = Debug|Win32
		{AAF2FD8E-1941-4C21-9653-356DC6D13D91}.Debug|Win32.Build.0 = Debug|Win32
		{AAF2FD8E-1941-4C21-9653-356DC6D13D91}.Release|Win32.ActiveCfg = Release|Win32
		{AAF2FD8E-1941-4C21-9653-356DC6D13D91}.Release|Win32.Build.0 = Release|Win32
		{F6B3130A-E1ED-4E12-8B08-0D8E732FA9F1}.Debug|Win32.ActiveCfg = Debug|Win32
		{F6B3130A-E1ED-4E12-8B08-0D8E732FA9F1}.Debug|Win32.Build.0 = Debug|Win32
		{F6B3130A-E1ED-4E12-8B08-0D8E732FA9F1}.Release|Win32.ActiveCfg = Release|Win32
		{F6B3130A-E1ED-4E12-8B08-0D8E732FA9F1}.Release|Win32.Build.0 = Release|Win32
		{183FF9A2-35E5-4F05-8263-64DC88D29798}.Debug|Win32.ActiveCfg = Debug|Win32
		{183FF9A2-35E5-4F05-8263-64DC88D29798}.Debug|Win32.Build.0 = Debug|Win32
		{183FF9A2-35E5-4F05-8263-64DC88D29798}.Release|Win32.ActiveCfg = Release|Win32
		{183FF9A2-35E5-4F05-8263-64DC88D29798}.Release|Win32.Build.0 = Release|Win32
		{BDE03522-35ED-4E29-9313-DBC56BF14A78}.Debug|Win32.ActiveCfg = Debug|Win32
		{BDE03522-35ED-4E29-9313-DBC56BF14A78}.Debug|Win32.Build.0 = Debug|Win32
		{BDE03522-35ED-4E29-9313-DBC56BF14A78}.Release|Win32.ActiveCfg = Release|Win32
		{BDE03522-35ED-4E29-9313-DBC56BF14A78}.Release|Win32.Build.0 = Release|Win32
		{2FD3B8EC-80B5-4096-A4D2-BF5C067A6370}.Debug|Win32.ActiveCfg = Debug|Win32
		{2FD3B8EC-80B5-4096-A4D2-BF5C067A6370}.Debug|Win32.Build.0 = Debug|Win32
		{2FD3B8EC-80B5-4096-A4D2-BF5C067A6370}.Release|Win32.ActiveCfg = Release|Win32
		{2FD3B8EC-80B5-4096-A4D2-BF5C067A6370}.Release|Win32.Build.0 = Release|Win32
		{3E2AA8E0-EEAA-449E-80F4-4C6C0F1ED6A1}.Debug|Win32.ActiveCfg = Debug|Win32
		{3E2AA8E0-EEAA-449E-80F4-4C6C0F1ED6A1}.Debug|Win32.Build.0 = Debug|Win32
		{3E2AA8E0-EEAA-449E-80F4-4C6C0F1ED6A1}.Release|Win32.ActiveCfg = Release|Win32
		{3E2AA8E0-EEAA-449E-80F4-4C6C0F1ED6A1}.Release|Win32.Build.0 = Release|Win32
		{3F0D6A32-FE16-48F1-945C-71A6ADE7B288}.Debug|Win32.ActiveCfg = Debug|Win32
		{3F0D6A32-FE16-48F1-945C-71A6ADE7B288}.Debug|Win32.Build.0 = Debug|Win32
		{3F0D6A32-FE16-48F1-945C-71A6ADE7B288}.Release|Win32.ActiveCfg = Release|Win32
		{3F0D6A32-FE16-48F1-945C-71A6ADE7B288}.Release|Win32.Build.0 = Release|Win32
		{4348FB01-52B7-4985-8C73-2ECB3F2BBC80}.Debug|Win32.ActiveCfg = Debug|Win32
		{4348FB01-52B7-4985-8C73-2ECB3F2BBC80}.Debug|Win32.Build.0 = Debug|Win32
		{4348FB01-52B7-4985-8C73-2ECB3F2BBC80}.Release|Win32.ActiveCfg = Release|Win32
		{4348FB01-52B7-4985-8C73-2ECB3F2BBC80}.Release|Win32.Build.0 = Release|Win32
		{3F38B122-ABB4-40C8-9FC4-F726610E6844}.Debug|Win32.ActiveCfg = Debug|Win32
		{3F38B122-ABB4-40C8-9FC4-F726610E6844}.Debug|Win32.Build.0 = Debug|Win32
		{3F38B122-ABB4-40C8-9FC4-F726610E6844}.Release|Win32.ActiveCfg = Release|Win32
		{3F38B122-ABB4-40C8-9FC4-F726610E6844}.Release|Win32.Build.0 = Release|Win32
		{5D56BF73-BEBD-466D-AA17-E670A6B61C16}.Debug|Win32.ActiveCfg = Debug|Win32
		{5D56BF73-BEBD-466D-AA17-E670A6B61C16}.Debug|Win32.Build.0 = Debug|Win32
		{5D56BF73-BEBD-466D-AA17-E670A6B61C16}.Release|Win32.ActiveCfg = Release|Win32
		{5D56BF73-BEBD-466D-AA17-E670A6B61C16}.Release|Win32.Build.0 = Release|Win32
	EndGlobalSection
	GlobalSection(SolutionProperties) = preSolution
		HideSolutionNode = FALSE
	EndGlobalSection
	GlobalSection(ExtensibilityGlobals) = postSolution
		SolutionGuid = {53BD3513-C657-4334-AC44-4914D0B0A8E1}
	EndGlobalSection
EndGlobal
