<?xml version="1.0" encoding="utf-8"?>
<Project ToolsVersion="4.0" xmlns="http://schemas.microsoft.com/developer/msbuild/2003">
  <ItemGroup>
    <Filter Include="Source Files">
      <UniqueIdentifier>{ab115d59-c2e0-4f51-9b8c-2943f06140fc}</UniqueIdentifier>
      <Extensions>cpp;c;cxx;def;odl;idl;hpj;bat;asm</Extensions>
    </Filter>
    <Filter Include="Header Files">
      <UniqueIdentifier>{6a6f74a6-9afa-4b68-8e18-ff19b4d38733}</UniqueIdentifier>
      <Extensions>h;hpp;hxx;hm;inl;inc</Extensions>
    </Filter>
    <Filter Include="experimentalControl">
      <UniqueIdentifier>{f460065e-6dd7-4af2-a25b-319e772d1736}</UniqueIdentifier>
    </Filter>
    <Filter Include="experimentalSignalFilter">
      <UniqueIdentifier>{1efa8c79-28bd-473f-b3ed-c0535b04c369}</UniqueIdentifier>
    </Filter>
    <Filter Include="experimentalSite">
      <UniqueIdentifier>{55e013ec-96e8-4033-852f-be4b4b5d7b2c}</UniqueIdentifier>
    </Filter>
    <Filter Include="tcl">
      <UniqueIdentifier>{d0d99a71-e11f-47c5-82f9-ec3ff94b14be}</UniqueIdentifier>
    </Filter>
    <Filter Include="Resource Files">
      <UniqueIdentifier>{2392e3b8-2a42-410b-a330-a32b9ae52cce}</UniqueIdentifier>
    </Filter>
    <Filter Include="experimentalElement">
      <UniqueIdentifier>{e4e418b8-8e59-4b97-be8c-d1def78952b5}</UniqueIdentifier>
    </Filter>
    <Filter Include="experimentalRecorder">
      <UniqueIdentifier>{408b5aef-5823-4249-9c14-11c0092e4818}</UniqueIdentifier>
    </Filter>
    <Filter Include="experimentalRecorder\response">
      <UniqueIdentifier>{0ce06b40-d484-4ce0-8714-b914ea76cf09}</UniqueIdentifier>
    </Filter>
    <Filter Include="openseesCore">
      <UniqueIdentifier>{84166ba4-24f8-4129-bb53-e5a5d0ff177b}</UniqueIdentifier>
    </Filter>
    <Filter Include="experimentalSetup">
      <UniqueIdentifier>{060485f5-4fd9-425a-9dd7-e4ef3494f397}</UniqueIdentifier>
    </Filter>
    <Filter Include="openseesExtra">
      <UniqueIdentifier>{99ed70cf-1522-450c-ac56-6ca0e4be9107}</UniqueIdentifier>
    </Filter>
    <Filter Include="experimentalTangentStiff">
      <UniqueIdentifier>{c82a4c48-0b05-409a-ad9f-92aecbf3a25b}</UniqueIdentifier>
    </Filter>
    <Filter Include="experimentalControlPoint">
      <UniqueIdentifier>{94d98b12-86fe-4d89-b53b-c480bdec803a}</UniqueIdentifier>
    </Filter>
    <Filter Include="experimentalControl\Simulation">
      <UniqueIdentifier>{4f36e4ad-c3de-403b-b3e5-cba7975de5ff}</UniqueIdentifier>
    </Filter>
  </ItemGroup>
  <ItemGroup>
    <ClCompile Include="..\..\..\src\experimentalControl\xPCtarget\xpcinitfree.c">
      <Filter>Source Files</Filter>
    </ClCompile>
    <ClCompile Include="..\..\..\src\experimentalControl\ECdSpace.cpp">
      <Filter>experimentalControl</Filter>
    </ClCompile>
    <ClCompile Include="..\..\..\SRC\experimentalControl\ECLabVIEW.cpp">
      <Filter>experimentalControl</Filter>
    </ClCompile>
    <ClCompile Include="..\..\..\SRC\experimentalControl\ECMtsCsi.cpp">
      <Filter>experimentalControl</Filter>
    </ClCompile>
    <ClCompile Include="..\..\..\SRC\experimentalControl\ECSCRAMNet.cpp">
      <Filter>experimentalControl</Filter>
    </ClCompile>
    <ClCompile Include="..\..\..\src\experimentalControl\ECxPCtarget.cpp">
      <Filter>experimentalControl</Filter>
    </ClCompile>
    <ClCompile Include="..\..\..\src\experimentalControl\ExperimentalControl.cpp">
      <Filter>experimentalControl</Filter>
    </ClCompile>
    <ClCompile Include="..\..\..\SRC\experimentalSignalFilter\ESFErrorSimRandomGauss.cpp">
      <Filter>experimentalSignalFilter</Filter>
    </ClCompile>
    <ClCompile Include="..\..\..\SRC\experimentalSignalFilter\ESFErrorSimulation.cpp">
      <Filter>experimentalSignalFilter</Filter>
    </ClCompile>
    <ClCompile Include="..\..\..\SRC\experimentalSignalFilter\ESFErrorSimUndershoot.cpp">
      <Filter>experimentalSignalFilter</Filter>
    </ClCompile>
    <ClCompile Include="..\..\..\SRC\experimentalSignalFilter\ExperimentalSignalFilter.cpp">
      <Filter>experimentalSignalFilter</Filter>
    </ClCompile>
    <ClCompile Include="..\..\..\src\experimentalSite\ActorExpSite.cpp">
      <Filter>experimentalSite</Filter>
    </ClCompile>
    <ClCompile Include="..\..\..\src\experimentalSite\ExperimentalSite.cpp">
      <Filter>experimentalSite</Filter>
    </ClCompile>
    <ClCompile Include="..\..\..\src\experimentalSite\LocalExpSite.cpp">
      <Filter>experimentalSite</Filter>
    </ClCompile>
    <ClCompile Include="..\..\..\SRC\experimentalSite\ShadowExpSite.cpp">
      <Filter>experimentalSite</Filter>
    </ClCompile>
    <ClCompile Include="..\..\..\src\tcl\OpenFrescoPackage.cpp">
      <Filter>tcl</Filter>
    </ClCompile>
    <ClCompile Include="..\..\..\SRC\experimentalElement\EEBeamColumn2d.cpp">
      <Filter>experimentalElement</Filter>
    </ClCompile>
    <ClCompile Include="..\..\..\SRC\experimentalElement\EEBeamColumn3d.cpp">
      <Filter>experimentalElement</Filter>
    </ClCompile>
    <ClCompile Include="..\..\..\SRC\experimentalElement\EEGeneric.cpp">
      <Filter>experimentalElement</Filter>
    </ClCompile>
    <ClCompile Include="..\..\..\SRC\experimentalElement\EEInvertedVBrace2d.cpp">
      <Filter>experimentalElement</Filter>
    </ClCompile>
    <ClCompile Include="..\..\..\SRC\experimentalElement\EETruss.cpp">
      <Filter>experimentalElement</Filter>
    </ClCompile>
    <ClCompile Include="..\..\..\SRC\experimentalElement\EETrussCorot.cpp">
      <Filter>experimentalElement</Filter>
    </ClCompile>
    <ClCompile Include="..\..\..\SRC\experimentalElement\EETwoNodeLink.cpp">
      <Filter>experimentalElement</Filter>
    </ClCompile>
    <ClCompile Include="..\..\..\SRC\experimentalElement\ExperimentalElement.cpp">
      <Filter>experimentalElement</Filter>
    </ClCompile>
    <ClCompile Include="..\..\..\SRC\experimentalRecorder\ExpControlRecorder.cpp">
      <Filter>experimentalRecorder</Filter>
    </ClCompile>
    <ClCompile Include="..\..\..\SRC\experimentalRecorder\ExpSetupRecorder.cpp">
      <Filter>experimentalRecorder</Filter>
    </ClCompile>
    <ClCompile Include="..\..\..\SRC\experimentalRecorder\ExpSignalFilterRecorder.cpp">
      <Filter>experimentalRecorder</Filter>
    </ClCompile>
    <ClCompile Include="..\..\..\SRC\experimentalRecorder\ExpSiteRecorder.cpp">
      <Filter>experimentalRecorder</Filter>
    </ClCompile>
    <ClCompile Include="..\..\..\SRC\experimentalRecorder\response\ExpControlResponse.cpp">
      <Filter>experimentalRecorder\response</Filter>
    </ClCompile>
    <ClCompile Include="..\..\..\SRC\experimentalRecorder\response\ExpSetupResponse.cpp">
      <Filter>experimentalRecorder\response</Filter>
    </ClCompile>
    <ClCompile Include="..\..\..\SRC\experimentalRecorder\response\ExpSignalFilterResponse.cpp">
      <Filter>experimentalRecorder\response</Filter>
    </ClCompile>
    <ClCompile Include="..\..\..\SRC\experimentalRecorder\response\ExpSiteResponse.cpp">
      <Filter>experimentalRecorder\response</Filter>
    </ClCompile>
    <ClCompile Include="..\..\..\SRC\experimentalSetup\ESAggregator.cpp">
      <Filter>experimentalSetup</Filter>
    </ClCompile>
    <ClCompile Include="..\..\..\SRC\experimentalSetup\ESFourActuators3d.cpp">
      <Filter>experimentalSetup</Filter>
    </ClCompile>
    <ClCompile Include="..\..\..\SRC\experimentalSetup\ESInvertedVBrace2d.cpp">
      <Filter>experimentalSetup</Filter>
    </ClCompile>
    <ClCompile Include="..\..\..\SRC\experimentalSetup\ESInvertedVBraceJntOff2d.cpp">
      <Filter>experimentalSetup</Filter>
    </ClCompile>
    <ClCompile Include="..\..\..\src\experimentalSetup\ESNoTransformation.cpp">
      <Filter>experimentalSetup</Filter>
    </ClCompile>
    <ClCompile Include="..\..\..\src\experimentalSetup\ESOneActuator.cpp">
      <Filter>experimentalSetup</Filter>
    </ClCompile>
    <ClCompile Include="..\..\..\src\experimentalSetup\ESThreeActuators2d.cpp">
      <Filter>experimentalSetup</Filter>
    </ClCompile>
    <ClCompile Include="..\..\..\SRC\experimentalSetup\ESThreeActuatorsJntOff2d.cpp">
      <Filter>experimentalSetup</Filter>
    </ClCompile>
    <ClCompile Include="..\..\..\src\experimentalSetup\ESTwoActuators2d.cpp">
      <Filter>experimentalSetup</Filter>
    </ClCompile>
    <ClCompile Include="..\..\..\src\experimentalSetup\ExperimentalSetup.cpp">
      <Filter>experimentalSetup</Filter>
    </ClCompile>
    <ClCompile Include="..\..\..\SRC\openseesExtra\Actor.cpp">
      <Filter>openseesExtra</Filter>
    </ClCompile>
    <ClCompile Include="..\..\..\SRC\openseesExtra\BandGenLinLapackSolver.cpp">
      <Filter>openseesExtra</Filter>
    </ClCompile>
    <ClCompile Include="..\..\..\SRC\openseesExtra\BandGenLinSOE.cpp">
      <Filter>openseesExtra</Filter>
    </ClCompile>
    <ClCompile Include="..\..\..\SRC\openseesExtra\BandGenLinSolver.cpp">
      <Filter>openseesExtra</Filter>
    </ClCompile>
    <ClCompile Include="..\..\..\SRC\openseesExtra\ConvergenceTest.cpp">
      <Filter>openseesExtra</Filter>
    </ClCompile>
    <ClCompile Include="..\..\..\SRC\openseesExtra\CTestNormDispIncr.cpp">
      <Filter>openseesExtra</Filter>
    </ClCompile>
    <ClCompile Include="..\..\..\SRC\openseesExtra\DatabaseStream.cpp">
      <Filter>openseesExtra</Filter>
    </ClCompile>
    <ClCompile Include="..\..\..\SRC\openseesExtra\DOF_Numberer.cpp">
      <Filter>openseesExtra</Filter>
    </ClCompile>
    <ClCompile Include="..\..\..\SRC\openseesExtra\EquiSolnAlgo.cpp">
      <Filter>openseesExtra</Filter>
    </ClCompile>
    <ClCompile Include="..\..\..\SRC\openseesExtra\LinearSeries.cpp">
      <Filter>openseesExtra</Filter>
    </ClCompile>
    <ClCompile Include="..\..\..\SRC\openseesExtra\LoadControl.cpp">
      <Filter>openseesExtra</Filter>
    </ClCompile>
    <ClCompile Include="..\..\..\SRC\openseesExtra\LoadPattern.cpp">
      <Filter>openseesExtra</Filter>
    </ClCompile>
    <ClCompile Include="..\..\..\SRC\openseesExtra\NewtonRaphson.cpp">
      <Filter>openseesExtra</Filter>
    </ClCompile>
    <ClCompile Include="..\..\..\SRC\openseesExtra\PenaltyConstraintHandler.cpp">
      <Filter>openseesExtra</Filter>
    </ClCompile>
    <ClCompile Include="..\..\..\SRC\openseesExtra\PenaltyMP_FE.cpp">
      <Filter>openseesExtra</Filter>
    </ClCompile>
    <ClCompile Include="..\..\..\SRC\openseesExtra\PenaltySP_FE.cpp">
      <Filter>openseesExtra</Filter>
    </ClCompile>
    <ClCompile Include="..\..\..\SRC\openseesExtra\PlainNumberer.cpp">
      <Filter>openseesExtra</Filter>
    </ClCompile>
    <ClCompile Include="..\..\..\SRC\openseesExtra\Shadow.cpp">
      <Filter>openseesExtra</Filter>
    </ClCompile>
    <ClCompile Include="..\..\..\SRC\openseesExtra\Socket.cpp">
      <Filter>openseesExtra</Filter>
    </ClCompile>
    <ClCompile Include="..\..\..\SRC\openseesExtra\StaticAnalysis.cpp">
      <Filter>openseesExtra</Filter>
    </ClCompile>
    <ClCompile Include="..\..\..\SRC\openseesExtra\TCP_Socket.cpp">
      <Filter>openseesExtra</Filter>
    </ClCompile>
    <ClCompile Include="..\..\..\SRC\openseesExtra\TCP_SocketSSL.cpp">
      <Filter>openseesExtra</Filter>
    </ClCompile>
    <ClCompile Include="..\..\..\SRC\openseesExtra\TCP_Stream.cpp">
      <Filter>openseesExtra</Filter>
    </ClCompile>
    <ClCompile Include="..\..\..\SRC\openseesExtra\TimeSeries.cpp">
      <Filter>openseesExtra</Filter>
    </ClCompile>
    <ClCompile Include="..\..\..\SRC\openseesExtra\UDP_Socket.cpp">
      <Filter>openseesExtra</Filter>
    </ClCompile>
    <ClCompile Include="..\..\..\SRC\openseesExtra\XmlFileStream.cpp">
      <Filter>openseesExtra</Filter>
    </ClCompile>
    <ClCompile Include="..\..\..\SRC\experimentalControl\ECGenericTCP.cpp">
      <Filter>experimentalControl</Filter>
    </ClCompile>
    <ClCompile Include="..\..\..\SRC\openseesCore\win32Functions.cpp">
      <Filter>openseesCore</Filter>
    </ClCompile>
    <ClCompile Include="..\..\..\SRC\openseesCore\Analysis.cpp">
      <Filter>openseesCore</Filter>
    </ClCompile>
    <ClCompile Include="..\..\..\SRC\openseesCore\AnalysisModel.cpp">
      <Filter>openseesCore</Filter>
    </ClCompile>
    <ClCompile Include="..\..\..\SRC\openseesCore\ArrayOfTaggedObjects.cpp">
      <Filter>openseesCore</Filter>
    </ClCompile>
    <ClCompile Include="..\..\..\SRC\openseesCore\ArrayOfTaggedObjectsIter.cpp">
      <Filter>openseesCore</Filter>
    </ClCompile>
    <ClCompile Include="..\..\..\SRC\openseesCore\BinaryFileStream.cpp">
      <Filter>openseesCore</Filter>
    </ClCompile>
    <ClCompile Include="..\..\..\SRC\openseesCore\Channel.cpp">
      <Filter>openseesCore</Filter>
    </ClCompile>
    <ClCompile Include="..\..\..\SRC\openseesCore\ConstraintHandler.cpp">
      <Filter>openseesCore</Filter>
    </ClCompile>
    <ClCompile Include="..\..\..\SRC\openseesCore\DataFileStream.cpp">
      <Filter>openseesCore</Filter>
    </ClCompile>
    <ClCompile Include="..\..\..\SRC\openseesCore\DOF_Group.cpp">
      <Filter>openseesCore</Filter>
    </ClCompile>
    <ClCompile Include="..\..\..\SRC\openseesCore\DOF_GrpIter.cpp">
      <Filter>openseesCore</Filter>
    </ClCompile>
    <ClCompile Include="..\..\..\SRC\openseesCore\Domain.cpp">
      <Filter>openseesCore</Filter>
    </ClCompile>
    <ClCompile Include="..\..\..\SRC\openseesCore\DomainComponent.cpp">
      <Filter>openseesCore</Filter>
    </ClCompile>
    <ClCompile Include="..\..\..\SRC\openseesCore\Element.cpp">
      <Filter>openseesCore</Filter>
    </ClCompile>
    <ClCompile Include="..\..\..\SRC\openseesCore\ElementalLoad.cpp">
      <Filter>openseesCore</Filter>
    </ClCompile>
    <ClCompile Include="..\..\..\SRC\openseesCore\ElementalLoadIter.cpp">
      <Filter>openseesCore</Filter>
    </ClCompile>
    <ClCompile Include="..\..\..\SRC\openseesCore\ElementResponse.cpp">
      <Filter>openseesCore</Filter>
    </ClCompile>
    <ClCompile Include="..\..\..\SRC\openseesCore\FE_Datastore.cpp">
      <Filter>openseesCore</Filter>
    </ClCompile>
    <ClCompile Include="..\..\..\SRC\openseesCore\FE_EleIter.cpp">
      <Filter>openseesCore</Filter>
    </ClCompile>
    <ClCompile Include="..\..\..\SRC\openseesCore\FE_Element.cpp">
      <Filter>openseesCore</Filter>
    </ClCompile>
    <ClCompile Include="..\..\..\SRC\openseesCore\FEM_ObjectBroker.cpp">
      <Filter>openseesCore</Filter>
    </ClCompile>
    <ClCompile Include="..\..\..\SRC\openseesCore\FiberResponse.cpp">
      <Filter>openseesCore</Filter>
    </ClCompile>
    <ClCompile Include="..\..\..\SRC\openseesCore\File.cpp">
      <Filter>openseesCore</Filter>
    </ClCompile>
    <ClCompile Include="..\..\..\SRC\openseesCore\FileIter.cpp">
      <Filter>openseesCore</Filter>
    </ClCompile>
    <ClCompile Include="..\..\..\SRC\openseesCore\Graph.cpp">
      <Filter>openseesCore</Filter>
    </ClCompile>
    <ClCompile Include="..\..\..\SRC\openseesCore\ID.cpp">
      <Filter>openseesCore</Filter>
    </ClCompile>
    <ClCompile Include="..\..\..\SRC\openseesCore\IncrementalIntegrator.cpp">
      <Filter>openseesCore</Filter>
    </ClCompile>
    <ClCompile Include="..\..\..\SRC\openseesCore\Information.cpp">
      <Filter>openseesCore</Filter>
    </ClCompile>
    <ClCompile Include="..\..\..\SRC\openseesCore\Integrator.cpp">
      <Filter>openseesCore</Filter>
    </ClCompile>
    <ClCompile Include="..\..\..\SRC\openseesCore\LinearSOE.cpp">
      <Filter>openseesCore</Filter>
    </ClCompile>
    <ClCompile Include="..\..\..\SRC\openseesCore\LinearSOESolver.cpp">
      <Filter>openseesCore</Filter>
    </ClCompile>
    <ClCompile Include="..\..\..\SRC\openseesCore\Load.cpp">
      <Filter>openseesCore</Filter>
    </ClCompile>
    <ClCompile Include="..\..\..\SRC\openseesCore\LoadPatternIter.cpp">
      <Filter>openseesCore</Filter>
    </ClCompile>
    <ClCompile Include="..\..\..\SRC\openseesCore\MapOfTaggedObjects.cpp">
      <Filter>openseesCore</Filter>
    </ClCompile>
    <ClCompile Include="..\..\..\SRC\openseesCore\MapOfTaggedObjectsIter.cpp">
      <Filter>openseesCore</Filter>
    </ClCompile>
    <ClCompile Include="..\..\..\SRC\openseesCore\Material.cpp">
      <Filter>openseesCore</Filter>
    </ClCompile>
    <ClCompile Include="..\..\..\SRC\openseesCore\MaterialResponse.cpp">
      <Filter>openseesCore</Filter>
    </ClCompile>
    <ClCompile Include="..\..\..\SRC\openseesCore\Matrix.cpp">
      <Filter>openseesCore</Filter>
    </ClCompile>
    <ClCompile Include="..\..\..\SRC\openseesCore\Message.cpp">
      <Filter>openseesCore</Filter>
    </ClCompile>
    <ClCompile Include="..\..\..\SRC\openseesCore\MovableObject.cpp">
      <Filter>openseesCore</Filter>
    </ClCompile>
    <ClCompile Include="..\..\..\SRC\openseesCore\MP_Constraint.cpp">
      <Filter>openseesCore</Filter>
    </ClCompile>
    <ClCompile Include="..\..\..\SRC\openseesCore\NodalLoad.cpp">
      <Filter>openseesCore</Filter>
    </ClCompile>
    <ClCompile Include="..\..\..\SRC\openseesCore\NodalLoadIter.cpp">
      <Filter>openseesCore</Filter>
    </ClCompile>
    <ClCompile Include="..\..\..\SRC\openseesCore\Node.cpp">
      <Filter>openseesCore</Filter>
    </ClCompile>
    <ClCompile Include="..\..\..\SRC\openseesCore\ObjectBroker.cpp">
      <Filter>openseesCore</Filter>
    </ClCompile>
    <ClCompile Include="..\..\..\SRC\openseesCore\OPS_Stream.cpp">
      <Filter>openseesCore</Filter>
    </ClCompile>
    <ClCompile Include="..\..\..\SRC\openseesCore\Parameter.cpp">
      <Filter>openseesCore</Filter>
    </ClCompile>
    <ClCompile Include="..\..\..\SRC\openseesCore\Recorder.cpp">
      <Filter>openseesCore</Filter>
    </ClCompile>
    <ClCompile Include="..\..\..\SRC\openseesCore\Renderer.cpp">
      <Filter>openseesCore</Filter>
    </ClCompile>
    <ClCompile Include="..\..\..\SRC\openseesCore\Response.cpp">
      <Filter>openseesCore</Filter>
    </ClCompile>
    <ClCompile Include="..\..\..\SRC\openseesCore\SimulationInformation.cpp">
      <Filter>openseesCore</Filter>
    </ClCompile>
    <ClCompile Include="..\..\..\SRC\openseesCore\SingleDomAllSP_Iter.cpp">
      <Filter>openseesCore</Filter>
    </ClCompile>
    <ClCompile Include="..\..\..\SRC\openseesCore\SingleDomEleIter.cpp">
      <Filter>openseesCore</Filter>
    </ClCompile>
    <ClCompile Include="..\..\..\SRC\openseesCore\SingleDomMP_Iter.cpp">
      <Filter>openseesCore</Filter>
    </ClCompile>
    <ClCompile Include="..\..\..\SRC\openseesCore\SingleDomNodIter.cpp">
      <Filter>openseesCore</Filter>
    </ClCompile>
    <ClCompile Include="..\..\..\SRC\openseesCore\SingleDomParamIter.cpp">
      <Filter>openseesCore</Filter>
    </ClCompile>
    <ClCompile Include="..\..\..\SRC\openseesCore\SingleDomSP_Iter.cpp">
      <Filter>openseesCore</Filter>
    </ClCompile>
    <ClCompile Include="..\..\..\SRC\openseesCore\SolutionAlgorithm.cpp">
      <Filter>openseesCore</Filter>
    </ClCompile>
    <ClCompile Include="..\..\..\SRC\openseesCore\SP_Constraint.cpp">
      <Filter>openseesCore</Filter>
    </ClCompile>
    <ClCompile Include="..\..\..\SRC\openseesCore\StandardStream.cpp">
      <Filter>openseesCore</Filter>
    </ClCompile>
    <ClCompile Include="..\..\..\SRC\openseesCore\StaticIntegrator.cpp">
      <Filter>openseesCore</Filter>
    </ClCompile>
    <ClCompile Include="..\..\..\SRC\openseesCore\StringContainer.cpp">
      <Filter>openseesCore</Filter>
    </ClCompile>
    <ClCompile Include="..\..\..\SRC\openseesCore\Subdomain.cpp">
      <Filter>openseesCore</Filter>
    </ClCompile>
    <ClCompile Include="..\..\..\SRC\openseesCore\SubdomainNodIter.cpp">
      <Filter>openseesCore</Filter>
    </ClCompile>
    <ClCompile Include="..\..\..\SRC\openseesCore\TaggedObject.cpp">
      <Filter>openseesCore</Filter>
    </ClCompile>
    <ClCompile Include="..\..\..\SRC\openseesCore\TransientIntegrator.cpp">
      <Filter>openseesCore</Filter>
    </ClCompile>
    <ClCompile Include="..\..\..\SRC\openseesCore\UniaxialMaterial.cpp">
      <Filter>openseesCore</Filter>
    </ClCompile>
    <ClCompile Include="..\..\..\SRC\openseesCore\Vector.cpp">
      <Filter>openseesCore</Filter>
    </ClCompile>
    <ClCompile Include="..\..\..\SRC\openseesCore\Vertex.cpp">
      <Filter>openseesCore</Filter>
    </ClCompile>
    <ClCompile Include="..\..\..\SRC\openseesCore\VertexIter.cpp">
      <Filter>openseesCore</Filter>
    </ClCompile>
    <ClCompile Include="..\..\..\SRC\openseesExtra\NewtonLineSearch.cpp">
      <Filter>openseesExtra</Filter>
    </ClCompile>
    <ClCompile Include="..\..\..\SRC\openseesExtra\RegulaFalsiLineSearch.cpp">
      <Filter>openseesExtra</Filter>
    </ClCompile>
    <ClCompile Include="..\..\..\SRC\openseesExtra\LineSearch.cpp">
      <Filter>openseesExtra</Filter>
    </ClCompile>
    <ClCompile Include="..\..\..\SRC\openseesCore\Pressure_Constraint.cpp">
      <Filter>openseesCore</Filter>
    </ClCompile>
    <ClCompile Include="..\..\..\SRC\openseesCore\SingleDomPC_Iter.cpp">
      <Filter>openseesCore</Filter>
    </ClCompile>
    <ClCompile Include="..\..\..\SRC\openseesCore\BeamFiberMaterial.cpp">
      <Filter>openseesCore</Filter>
    </ClCompile>
    <ClCompile Include="..\..\..\SRC\openseesCore\BeamFiberMaterial2d.cpp">
      <Filter>openseesCore</Filter>
    </ClCompile>
    <ClCompile Include="..\..\..\SRC\openseesCore\NDMaterial.cpp">
      <Filter>openseesCore</Filter>
    </ClCompile>
    <ClCompile Include="..\..\..\SRC\openseesCore\PlaneStrainMaterial.cpp">
      <Filter>openseesCore</Filter>
    </ClCompile>
    <ClCompile Include="..\..\..\SRC\openseesCore\PlaneStressMaterial.cpp">
      <Filter>openseesCore</Filter>
    </ClCompile>
    <ClCompile Include="..\..\..\SRC\openseesCore\PlateFiberMaterial.cpp">
      <Filter>openseesCore</Filter>
    </ClCompile>
    <ClCompile Include="..\..\..\SRC\openseesExtra\LimitCurve.cpp">
      <Filter>openseesExtra</Filter>
    </ClCompile>
    <ClCompile Include="..\..\..\SRC\experimentalControl\ECSCRAMNetGT.cpp">
      <Filter>experimentalControl</Filter>
    </ClCompile>
    <ClCompile Include="..\..\..\SRC\experimentalElement\EEBearing2d.cpp">
      <Filter>experimentalElement</Filter>
    </ClCompile>
    <ClCompile Include="..\..\..\SRC\experimentalElement\EEBearing3d.cpp">
      <Filter>experimentalElement</Filter>
    </ClCompile>
    <ClCompile Include="..\..\..\SRC\tcl\TclLabServerCommands.cpp">
      <Filter>tcl</Filter>
    </ClCompile>
    <ClCompile Include="..\..\..\SRC\tcl\TclSimAppElemServerCommands.cpp">
      <Filter>tcl</Filter>
    </ClCompile>
    <ClCompile Include="..\..\..\SRC\tcl\TclSimAppSiteServerCommands.cpp">
      <Filter>tcl</Filter>
    </ClCompile>
    <ClCompile Include="..\..\..\SRC\experimentalRecorder\response\ExpTangentStiffResponse.cpp">
      <Filter>experimentalRecorder\response</Filter>
    </ClCompile>
    <ClCompile Include="..\..\..\SRC\experimentalRecorder\ExpTangentStiffRecorder.cpp">
      <Filter>experimentalRecorder</Filter>
    </ClCompile>
    <ClCompile Include="..\..\..\SRC\experimentalSignalFilter\ESFKrylovForceConverter.cpp">
      <Filter>experimentalSignalFilter</Filter>
    </ClCompile>
    <ClCompile Include="..\..\..\SRC\experimentalSignalFilter\ESFTangForceConverter.cpp">
      <Filter>experimentalSignalFilter</Filter>
    </ClCompile>
    <ClCompile Include="..\..\..\SRC\experimentalTangentStiff\ETBfgs.cpp">
      <Filter>experimentalTangentStiff</Filter>
    </ClCompile>
    <ClCompile Include="..\..\..\SRC\experimentalTangentStiff\ETBroyden.cpp">
      <Filter>experimentalTangentStiff</Filter>
    </ClCompile>
    <ClCompile Include="..\..\..\SRC\experimentalTangentStiff\ETTranspose.cpp">
      <Filter>experimentalTangentStiff</Filter>
    </ClCompile>
    <ClCompile Include="..\..\..\SRC\experimentalTangentStiff\ExperimentalTangentStiff.cpp">
      <Filter>experimentalTangentStiff</Filter>
    </ClCompile>
    <ClCompile Include="..\..\..\SRC\openseesCore\FrictionModel.cpp">
      <Filter>openseesCore</Filter>
    </ClCompile>
    <ClCompile Include="..\..\..\SRC\openseesCore\FrictionResponse.cpp">
      <Filter>openseesCore</Filter>
    </ClCompile>
    <ClCompile Include="..\..\..\SRC\openseesCore\DummyStream.cpp">
      <Filter>openseesCore</Filter>
    </ClCompile>
    <ClCompile Include="..\..\..\SRC\openseesCore\EigenSOE.cpp">
      <Filter>openseesCore</Filter>
    </ClCompile>
    <ClCompile Include="..\..\..\SRC\openseesCore\EigenSolver.cpp">
      <Filter>openseesCore</Filter>
    </ClCompile>
    <ClCompile Include="..\..\..\SRC\openseesCore\CrdTransf.cpp">
      <Filter>openseesCore</Filter>
    </ClCompile>
    <ClCompile Include="..\..\..\SRC\openseesCore\SectionForceDeformation.cpp">
      <Filter>openseesCore</Filter>
    </ClCompile>
    <ClCompile Include="..\..\..\SRC\experimentalControlPoint\ExpControlSP.cpp">
      <Filter>experimentalControlPoint</Filter>
    </ClCompile>
    <ClCompile Include="..\..\..\SRC\experimentalControlPoint\ExperimentalCP.cpp">
      <Filter>experimentalControlPoint</Filter>
    </ClCompile>
    <ClCompile Include="..\..\..\SRC\experimentalSetup\ESThreeActuators.cpp">
      <Filter>experimentalSetup</Filter>
    </ClCompile>
    <ClCompile Include="..\..\..\SRC\experimentalSetup\ESThreeActuatorsJntOff.cpp">
      <Filter>experimentalSetup</Filter>
    </ClCompile>
    <ClCompile Include="..\..\..\SRC\experimentalControl\ECSimDomain.cpp">
      <Filter>experimentalControl\Simulation</Filter>
    </ClCompile>
    <ClCompile Include="..\..\..\SRC\experimentalControl\ECSimFEAdapter.cpp">
      <Filter>experimentalControl\Simulation</Filter>
    </ClCompile>
    <ClCompile Include="..\..\..\SRC\experimentalControl\ECSimSimulink.cpp">
      <Filter>experimentalControl\Simulation</Filter>
    </ClCompile>
    <ClCompile Include="..\..\..\src\experimentalControl\ECSimulation.cpp">
      <Filter>experimentalControl\Simulation</Filter>
    </ClCompile>
    <ClCompile Include="..\..\..\src\experimentalControl\ECSimUniaxialMaterials.cpp">
      <Filter>experimentalControl\Simulation</Filter>
    </ClCompile>
    <ClCompile Include="..\..\..\SRC\openseesExtra\DataFileStreamAdd.cpp">
      <Filter>openseesExtra</Filter>
    </ClCompile>
    <ClCompile Include="..\..\..\SRC\experimentalControl\TclExpControlCommands.cpp">
      <Filter>tcl</Filter>
    </ClCompile>
    <ClCompile Include="..\..\..\SRC\experimentalControlPoint\TclExpCPCommands.cpp">
      <Filter>tcl</Filter>
    </ClCompile>
    <ClCompile Include="..\..\..\SRC\experimentalElement\TclExpElementCommands.cpp">
      <Filter>tcl</Filter>
    </ClCompile>
    <ClCompile Include="..\..\..\SRC\experimentalRecorder\TclExpRecorderCommands.cpp">
      <Filter>tcl</Filter>
    </ClCompile>
    <ClCompile Include="..\..\..\SRC\experimentalSetup\TclExpSetupCommands.cpp">
      <Filter>tcl</Filter>
    </ClCompile>
    <ClCompile Include="..\..\..\SRC\experimentalSignalFilter\TclExpSignalFilterCommands.cpp">
      <Filter>tcl</Filter>
    </ClCompile>
    <ClCompile Include="..\..\..\SRC\experimentalTangentStiff\TclExpTangentStiffCommands.cpp">
      <Filter>tcl</Filter>
    </ClCompile>
    <ClCompile Include="..\..\..\SRC\experimentalSite\TclExpSiteCommands.cpp">
      <Filter>tcl</Filter>
    </ClCompile>
  </ItemGroup>
  <ItemGroup>
    <ClInclude Include="..\..\..\src\FrescoGlobals.h">
      <Filter>Header Files</Filter>
    </ClInclude>
    <ClInclude Include="..\..\..\src\experimentalControl\ECdSpace.h">
      <Filter>experimentalControl</Filter>
    </ClInclude>
    <ClInclude Include="..\..\..\SRC\experimentalControl\ECLabVIEW.h">
      <Filter>experimentalControl</Filter>
    </ClInclude>
    <ClInclude Include="..\..\..\src\experimentalControl\ECxPCtarget.h">
      <Filter>experimentalControl</Filter>
    </ClInclude>
    <ClInclude Include="..\..\..\src\experimentalControl\ExperimentalControl.h">
      <Filter>experimentalControl</Filter>
    </ClInclude>
    <ClInclude Include="..\..\..\SRC\experimentalSignalFilter\ESFErrorSimRandomGauss.h">
      <Filter>experimentalSignalFilter</Filter>
    </ClInclude>
    <ClInclude Include="..\..\..\SRC\experimentalSignalFilter\ESFErrorSimulation.h">
      <Filter>experimentalSignalFilter</Filter>
    </ClInclude>
    <ClInclude Include="..\..\..\SRC\experimentalSignalFilter\ESFErrorSimUndershoot.h">
      <Filter>experimentalSignalFilter</Filter>
    </ClInclude>
    <ClInclude Include="..\..\..\SRC\experimentalSignalFilter\ExperimentalSignalFilter.h">
      <Filter>experimentalSignalFilter</Filter>
    </ClInclude>
    <ClInclude Include="..\..\..\src\experimentalSite\ActorExpSite.h">
      <Filter>experimentalSite</Filter>
    </ClInclude>
    <ClInclude Include="..\..\..\src\experimentalSite\ExperimentalSite.h">
      <Filter>experimentalSite</Filter>
    </ClInclude>
    <ClInclude Include="..\..\..\src\experimentalSite\LocalExpSite.h">
      <Filter>experimentalSite</Filter>
    </ClInclude>
    <ClInclude Include="..\..\..\SRC\experimentalSite\ShadowExpSite.h">
      <Filter>experimentalSite</Filter>
    </ClInclude>
    <ClInclude Include="..\..\..\SRC\experimentalElement\EEBeamColumn2d.h">
      <Filter>experimentalElement</Filter>
    </ClInclude>
    <ClInclude Include="..\..\..\SRC\experimentalElement\EEBeamColumn3d.h">
      <Filter>experimentalElement</Filter>
    </ClInclude>
    <ClInclude Include="..\..\..\SRC\experimentalElement\EEGeneric.h">
      <Filter>experimentalElement</Filter>
    </ClInclude>
    <ClInclude Include="..\..\..\SRC\experimentalElement\EEInvertedVBrace2d.h">
      <Filter>experimentalElement</Filter>
    </ClInclude>
    <ClInclude Include="..\..\..\SRC\experimentalElement\EETruss.h">
      <Filter>experimentalElement</Filter>
    </ClInclude>
    <ClInclude Include="..\..\..\SRC\experimentalElement\EETrussCorot.h">
      <Filter>experimentalElement</Filter>
    </ClInclude>
    <ClInclude Include="..\..\..\SRC\experimentalElement\EETwoNodeLink.h">
      <Filter>experimentalElement</Filter>
    </ClInclude>
    <ClInclude Include="..\..\..\SRC\experimentalElement\ExperimentalElement.h">
      <Filter>experimentalElement</Filter>
    </ClInclude>
    <ClInclude Include="..\..\..\SRC\experimentalRecorder\ExpControlRecorder.h">
      <Filter>experimentalRecorder</Filter>
    </ClInclude>
    <ClInclude Include="..\..\..\SRC\experimentalRecorder\ExpSetupRecorder.h">
      <Filter>experimentalRecorder</Filter>
    </ClInclude>
    <ClInclude Include="..\..\..\SRC\experimentalRecorder\ExpSignalFilterRecorder.h">
      <Filter>experimentalRecorder</Filter>
    </ClInclude>
    <ClInclude Include="..\..\..\SRC\experimentalRecorder\ExpSiteRecorder.h">
      <Filter>experimentalRecorder</Filter>
    </ClInclude>
    <ClInclude Include="..\..\..\SRC\experimentalRecorder\response\ExpControlResponse.h">
      <Filter>experimentalRecorder\response</Filter>
    </ClInclude>
    <ClInclude Include="..\..\..\SRC\experimentalRecorder\response\ExpSetupResponse.h">
      <Filter>experimentalRecorder\response</Filter>
    </ClInclude>
    <ClInclude Include="..\..\..\SRC\experimentalRecorder\response\ExpSignalFilterResponse.h">
      <Filter>experimentalRecorder\response</Filter>
    </ClInclude>
    <ClInclude Include="..\..\..\SRC\experimentalRecorder\response\ExpSiteResponse.h">
      <Filter>experimentalRecorder\response</Filter>
    </ClInclude>
    <ClInclude Include="..\..\..\SRC\experimentalSetup\ESAggregator.h">
      <Filter>experimentalSetup</Filter>
    </ClInclude>
    <ClInclude Include="..\..\..\SRC\experimentalSetup\ESFourActuators3d.h">
      <Filter>experimentalSetup</Filter>
    </ClInclude>
    <ClInclude Include="..\..\..\SRC\experimentalSetup\ESInvertedVBrace2d.h">
      <Filter>experimentalSetup</Filter>
    </ClInclude>
    <ClInclude Include="..\..\..\SRC\experimentalSetup\ESInvertedVBraceJntOff2d.h">
      <Filter>experimentalSetup</Filter>
    </ClInclude>
    <ClInclude Include="..\..\..\src\experimentalSetup\ESNoTransformation.h">
      <Filter>experimentalSetup</Filter>
    </ClInclude>
    <ClInclude Include="..\..\..\src\experimentalSetup\ESOneActuator.h">
      <Filter>experimentalSetup</Filter>
    </ClInclude>
    <ClInclude Include="..\..\..\src\experimentalSetup\ESThreeActuators2d.h">
      <Filter>experimentalSetup</Filter>
    </ClInclude>
    <ClInclude Include="..\..\..\SRC\experimentalSetup\ESThreeActuatorsJntOff2d.h">
      <Filter>experimentalSetup</Filter>
    </ClInclude>
    <ClInclude Include="..\..\..\src\experimentalSetup\ESTwoActuators2d.h">
      <Filter>experimentalSetup</Filter>
    </ClInclude>
    <ClInclude Include="..\..\..\src\experimentalSetup\ExperimentalSetup.h">
      <Filter>experimentalSetup</Filter>
    </ClInclude>
    <ClInclude Include="..\..\..\SRC\openseesExtra\Actor.h">
      <Filter>openseesExtra</Filter>
    </ClInclude>
    <ClInclude Include="..\..\..\SRC\openseesExtra\BandGenLinLapackSolver.h">
      <Filter>openseesExtra</Filter>
    </ClInclude>
    <ClInclude Include="..\..\..\SRC\openseesExtra\BandGenLinSOE.h">
      <Filter>openseesExtra</Filter>
    </ClInclude>
    <ClInclude Include="..\..\..\SRC\openseesExtra\BandGenLinSolver.h">
      <Filter>openseesExtra</Filter>
    </ClInclude>
    <ClInclude Include="..\..\..\SRC\openseesExtra\ChannelAddress.h">
      <Filter>openseesExtra</Filter>
    </ClInclude>
    <ClInclude Include="..\..\..\SRC\openseesExtra\ConvergenceTest.h">
      <Filter>openseesExtra</Filter>
    </ClInclude>
    <ClInclude Include="..\..\..\SRC\openseesExtra\CTestNormDispIncr.h">
      <Filter>openseesExtra</Filter>
    </ClInclude>
    <ClInclude Include="..\..\..\SRC\openseesExtra\DatabaseStream.h">
      <Filter>openseesExtra</Filter>
    </ClInclude>
    <ClInclude Include="..\..\..\SRC\openseesExtra\DOF_Numberer.h">
      <Filter>openseesExtra</Filter>
    </ClInclude>
    <ClInclude Include="..\..\..\SRC\openseesExtra\EquiSolnAlgo.h">
      <Filter>openseesExtra</Filter>
    </ClInclude>
    <ClInclude Include="..\..\..\SRC\openseesExtra\GraphNumberer.h">
      <Filter>openseesExtra</Filter>
    </ClInclude>
    <ClInclude Include="..\..\..\SRC\openseesExtra\GroundMotion.h">
      <Filter>openseesExtra</Filter>
    </ClInclude>
    <ClInclude Include="..\..\..\SRC\openseesExtra\LinearSeries.h">
      <Filter>openseesExtra</Filter>
    </ClInclude>
    <ClInclude Include="..\..\..\SRC\openseesExtra\LoadControl.h">
      <Filter>openseesExtra</Filter>
    </ClInclude>
    <ClInclude Include="..\..\..\SRC\openseesExtra\LoadPattern.h">
      <Filter>openseesExtra</Filter>
    </ClInclude>
    <ClInclude Include="..\..\..\SRC\openseesExtra\MachineBroker.h">
      <Filter>openseesExtra</Filter>
    </ClInclude>
    <ClInclude Include="..\..\..\SRC\openseesExtra\NewtonRaphson.h">
      <Filter>openseesExtra</Filter>
    </ClInclude>
    <ClInclude Include="..\..\..\SRC\openseesExtra\PenaltyConstraintHandler.h">
      <Filter>openseesExtra</Filter>
    </ClInclude>
    <ClInclude Include="..\..\..\SRC\openseesExtra\PenaltyMP_FE.h">
      <Filter>openseesExtra</Filter>
    </ClInclude>
    <ClInclude Include="..\..\..\SRC\openseesExtra\PenaltySP_FE.h">
      <Filter>openseesExtra</Filter>
    </ClInclude>
    <ClInclude Include="..\..\..\SRC\openseesExtra\PlainNumberer.h">
      <Filter>openseesExtra</Filter>
    </ClInclude>
    <ClInclude Include="..\..\..\SRC\openseesExtra\Shadow.h">
      <Filter>openseesExtra</Filter>
    </ClInclude>
    <ClInclude Include="..\..\..\SRC\openseesExtra\Socket.h">
      <Filter>openseesExtra</Filter>
    </ClInclude>
    <ClInclude Include="..\..\..\SRC\openseesExtra\SocketAddress.h">
      <Filter>openseesExtra</Filter>
    </ClInclude>
    <ClInclude Include="..\..\..\SRC\openseesExtra\StaticAnalysis.h">
      <Filter>openseesExtra</Filter>
    </ClInclude>
    <ClInclude Include="..\..\..\SRC\openseesExtra\TCP_Socket.h">
      <Filter>openseesExtra</Filter>
    </ClInclude>
    <ClInclude Include="..\..\..\SRC\openseesExtra\TCP_SocketSSL.h">
      <Filter>openseesExtra</Filter>
    </ClInclude>
    <ClInclude Include="..\..\..\SRC\openseesExtra\TCP_Stream.h">
      <Filter>openseesExtra</Filter>
    </ClInclude>
    <ClInclude Include="..\..\..\SRC\openseesExtra\Timer.h">
      <Filter>openseesExtra</Filter>
    </ClInclude>
    <ClInclude Include="..\..\..\SRC\openseesExtra\TimeSeries.h">
      <Filter>openseesExtra</Filter>
    </ClInclude>
    <ClInclude Include="..\..\..\SRC\openseesExtra\TimeSeriesIntegrator.h">
      <Filter>openseesExtra</Filter>
    </ClInclude>
    <ClInclude Include="..\..\..\SRC\openseesExtra\UDP_Socket.h">
      <Filter>openseesExtra</Filter>
    </ClInclude>
    <ClInclude Include="..\..\..\SRC\openseesExtra\XmlFileStream.h">
      <Filter>openseesExtra</Filter>
    </ClInclude>
    <ClInclude Include="..\..\..\SRC\openseesExtra\packages.h">
      <Filter>openseesExtra</Filter>
    </ClInclude>
    <ClInclude Include="..\..\..\SRC\openseesExtra\bool.h">
      <Filter>openseesExtra</Filter>
    </ClInclude>
    <ClInclude Include="..\..\..\SRC\experimentalControl\ECGenericTCP.h">
      <Filter>experimentalControl</Filter>
    </ClInclude>
    <ClInclude Include="..\..\..\SRC\openseesCore\Analysis.h">
      <Filter>openseesCore</Filter>
    </ClInclude>
    <ClInclude Include="..\..\..\SRC\openseesCore\AnalysisModel.h">
      <Filter>openseesCore</Filter>
    </ClInclude>
    <ClInclude Include="..\..\..\SRC\openseesCore\ArrayOfTaggedObjects.h">
      <Filter>openseesCore</Filter>
    </ClInclude>
    <ClInclude Include="..\..\..\SRC\openseesCore\ArrayOfTaggedObjectsIter.h">
      <Filter>openseesCore</Filter>
    </ClInclude>
    <ClInclude Include="..\..\..\SRC\openseesCore\BinaryFileStream.h">
      <Filter>openseesCore</Filter>
    </ClInclude>
    <ClInclude Include="..\..\..\SRC\openseesCore\Channel.h">
      <Filter>openseesCore</Filter>
    </ClInclude>
    <ClInclude Include="..\..\..\SRC\openseesCore\classTags.h">
      <Filter>openseesCore</Filter>
    </ClInclude>
    <ClInclude Include="..\..\..\SRC\openseesCore\ColorMap.h">
      <Filter>openseesCore</Filter>
    </ClInclude>
    <ClInclude Include="..\..\..\SRC\openseesCore\ConstraintHandler.h">
      <Filter>openseesCore</Filter>
    </ClInclude>
    <ClInclude Include="..\..\..\SRC\openseesCore\CrdTransf.h">
      <Filter>openseesCore</Filter>
    </ClInclude>
    <ClInclude Include="..\..\..\SRC\openseesCore\DataFileStream.h">
      <Filter>openseesCore</Filter>
    </ClInclude>
    <ClInclude Include="..\..\..\SRC\openseesCore\DOF_Group.h">
      <Filter>openseesCore</Filter>
    </ClInclude>
    <ClInclude Include="..\..\..\SRC\openseesCore\DOF_GrpIter.h">
      <Filter>openseesCore</Filter>
    </ClInclude>
    <ClInclude Include="..\..\..\SRC\openseesCore\Domain.h">
      <Filter>openseesCore</Filter>
    </ClInclude>
    <ClInclude Include="..\..\..\SRC\openseesCore\DomainComponent.h">
      <Filter>openseesCore</Filter>
    </ClInclude>
    <ClInclude Include="..\..\..\SRC\openseesCore\DomainDecompositionAnalysis.h">
      <Filter>openseesCore</Filter>
    </ClInclude>
    <ClInclude Include="..\..\..\SRC\openseesCore\Element.h">
      <Filter>openseesCore</Filter>
    </ClInclude>
    <ClInclude Include="..\..\..\SRC\openseesCore\ElementalLoad.h">
      <Filter>openseesCore</Filter>
    </ClInclude>
    <ClInclude Include="..\..\..\SRC\openseesCore\ElementalLoadIter.h">
      <Filter>openseesCore</Filter>
    </ClInclude>
    <ClInclude Include="..\..\..\SRC\openseesCore\elementAPI.h">
      <Filter>openseesCore</Filter>
    </ClInclude>
    <ClInclude Include="..\..\..\SRC\openseesCore\ElementIter.h">
      <Filter>openseesCore</Filter>
    </ClInclude>
    <ClInclude Include="..\..\..\SRC\openseesCore\ElementResponse.h">
      <Filter>openseesCore</Filter>
    </ClInclude>
    <ClInclude Include="..\..\..\SRC\openseesCore\EquiSolnAlgo.h">
      <Filter>openseesCore</Filter>
    </ClInclude>
    <ClInclude Include="..\..\..\SRC\openseesCore\FE_Datastore.h">
      <Filter>openseesCore</Filter>
    </ClInclude>
    <ClInclude Include="..\..\..\SRC\openseesCore\FE_EleIter.h">
      <Filter>openseesCore</Filter>
    </ClInclude>
    <ClInclude Include="..\..\..\SRC\openseesCore\FE_Element.h">
      <Filter>openseesCore</Filter>
    </ClInclude>
    <ClInclude Include="..\..\..\SRC\openseesCore\FEM_ObjectBroker.h">
      <Filter>openseesCore</Filter>
    </ClInclude>
    <ClInclude Include="..\..\..\SRC\openseesCore\Fiber.h">
      <Filter>openseesCore</Filter>
    </ClInclude>
    <ClInclude Include="..\..\..\SRC\openseesCore\FiberResponse.h">
      <Filter>openseesCore</Filter>
    </ClInclude>
    <ClInclude Include="..\..\..\SRC\openseesCore\File.h">
      <Filter>openseesCore</Filter>
    </ClInclude>
    <ClInclude Include="..\..\..\SRC\openseesCore\FileIter.h">
      <Filter>openseesCore</Filter>
    </ClInclude>
    <ClInclude Include="..\..\..\SRC\openseesCore\G3Globals.h">
      <Filter>openseesCore</Filter>
    </ClInclude>
    <ClInclude Include="..\..\..\SRC\openseesCore\Graph.h">
      <Filter>openseesCore</Filter>
    </ClInclude>
    <ClInclude Include="..\..\..\SRC\openseesCore\ID.h">
      <Filter>openseesCore</Filter>
    </ClInclude>
    <ClInclude Include="..\..\..\SRC\openseesCore\IncrementalIntegrator.h">
      <Filter>openseesCore</Filter>
    </ClInclude>
    <ClInclude Include="..\..\..\SRC\openseesCore\Information.h">
      <Filter>openseesCore</Filter>
    </ClInclude>
    <ClInclude Include="..\..\..\SRC\openseesCore\Integrator.h">
      <Filter>openseesCore</Filter>
    </ClInclude>
    <ClInclude Include="..\..\..\SRC\openseesCore\LinearSOE.h">
      <Filter>openseesCore</Filter>
    </ClInclude>
    <ClInclude Include="..\..\..\SRC\openseesCore\LinearSOESolver.h">
      <Filter>openseesCore</Filter>
    </ClInclude>
    <ClInclude Include="..\..\..\SRC\openseesCore\Load.h">
      <Filter>openseesCore</Filter>
    </ClInclude>
    <ClInclude Include="..\..\..\SRC\openseesCore\LoadPattern.h">
      <Filter>openseesCore</Filter>
    </ClInclude>
    <ClInclude Include="..\..\..\SRC\openseesCore\LoadPatternIter.h">
      <Filter>openseesCore</Filter>
    </ClInclude>
    <ClInclude Include="..\..\..\SRC\openseesCore\MapOfTaggedObjects.h">
      <Filter>openseesCore</Filter>
    </ClInclude>
    <ClInclude Include="..\..\..\SRC\openseesCore\MapOfTaggedObjectsIter.h">
      <Filter>openseesCore</Filter>
    </ClInclude>
    <ClInclude Include="..\..\..\SRC\openseesCore\Material.h">
      <Filter>openseesCore</Filter>
    </ClInclude>
    <ClInclude Include="..\..\..\SRC\openseesCore\MaterialResponse.h">
      <Filter>openseesCore</Filter>
    </ClInclude>
    <ClInclude Include="..\..\..\SRC\openseesCore\Matrix.h">
      <Filter>openseesCore</Filter>
    </ClInclude>
    <ClInclude Include="..\..\..\SRC\openseesCore\MeshRegion.h">
      <Filter>openseesCore</Filter>
    </ClInclude>
    <ClInclude Include="..\..\..\SRC\openseesCore\Message.h">
      <Filter>openseesCore</Filter>
    </ClInclude>
    <ClInclude Include="..\..\..\SRC\openseesCore\MovableObject.h">
      <Filter>openseesCore</Filter>
    </ClInclude>
    <ClInclude Include="..\..\..\SRC\openseesCore\MP_Constraint.h">
      <Filter>openseesCore</Filter>
    </ClInclude>
    <ClInclude Include="..\..\..\SRC\openseesCore\MP_ConstraintIter.h">
      <Filter>openseesCore</Filter>
    </ClInclude>
    <ClInclude Include="..\..\..\SRC\openseesCore\NodalLoad.h">
      <Filter>openseesCore</Filter>
    </ClInclude>
    <ClInclude Include="..\..\..\SRC\openseesCore\NodalLoadIter.h">
      <Filter>openseesCore</Filter>
    </ClInclude>
    <ClInclude Include="..\..\..\SRC\openseesCore\Node.h">
      <Filter>openseesCore</Filter>
    </ClInclude>
    <ClInclude Include="..\..\..\SRC\openseesCore\NodeIter.h">
      <Filter>openseesCore</Filter>
    </ClInclude>
    <ClInclude Include="..\..\..\SRC\openseesCore\ObjectBroker.h">
      <Filter>openseesCore</Filter>
    </ClInclude>
    <ClInclude Include="..\..\..\SRC\openseesCore\OPS_Globals.h">
      <Filter>openseesCore</Filter>
    </ClInclude>
    <ClInclude Include="..\..\..\SRC\openseesCore\OPS_Stream.h">
      <Filter>openseesCore</Filter>
    </ClInclude>
    <ClInclude Include="..\..\..\SRC\openseesCore\Parameter.h">
      <Filter>openseesCore</Filter>
    </ClInclude>
    <ClInclude Include="..\..\..\SRC\openseesCore\ParameterIter.h">
      <Filter>openseesCore</Filter>
    </ClInclude>
    <ClInclude Include="..\..\..\SRC\openseesCore\Recorder.h">
      <Filter>openseesCore</Filter>
    </ClInclude>
    <ClInclude Include="..\..\..\SRC\openseesCore\Renderer.h">
      <Filter>openseesCore</Filter>
    </ClInclude>
    <ClInclude Include="..\..\..\SRC\openseesCore\Response.h">
      <Filter>openseesCore</Filter>
    </ClInclude>
    <ClInclude Include="..\..\..\SRC\openseesCore\SimulationInformation.h">
      <Filter>openseesCore</Filter>
    </ClInclude>
    <ClInclude Include="..\..\..\SRC\openseesCore\SingleDomAllSP_Iter.h">
      <Filter>openseesCore</Filter>
    </ClInclude>
    <ClInclude Include="..\..\..\SRC\openseesCore\SingleDomEleIter.h">
      <Filter>openseesCore</Filter>
    </ClInclude>
    <ClInclude Include="..\..\..\SRC\openseesCore\SingleDomMP_Iter.h">
      <Filter>openseesCore</Filter>
    </ClInclude>
    <ClInclude Include="..\..\..\SRC\openseesCore\SingleDomNodIter.h">
      <Filter>openseesCore</Filter>
    </ClInclude>
    <ClInclude Include="..\..\..\SRC\openseesCore\SingleDomParamIter.h">
      <Filter>openseesCore</Filter>
    </ClInclude>
    <ClInclude Include="..\..\..\SRC\openseesCore\SingleDomSP_Iter.h">
      <Filter>openseesCore</Filter>
    </ClInclude>
    <ClInclude Include="..\..\..\SRC\openseesCore\SolutionAlgorithm.h">
      <Filter>openseesCore</Filter>
    </ClInclude>
    <ClInclude Include="..\..\..\SRC\openseesCore\SP_Constraint.h">
      <Filter>openseesCore</Filter>
    </ClInclude>
    <ClInclude Include="..\..\..\SRC\openseesCore\SP_ConstraintIter.h">
      <Filter>openseesCore</Filter>
    </ClInclude>
    <ClInclude Include="..\..\..\SRC\openseesCore\StandardStream.h">
      <Filter>openseesCore</Filter>
    </ClInclude>
    <ClInclude Include="..\..\..\SRC\openseesCore\StaticIntegrator.h">
      <Filter>openseesCore</Filter>
    </ClInclude>
    <ClInclude Include="..\..\..\SRC\openseesCore\StringContainer.h">
      <Filter>openseesCore</Filter>
    </ClInclude>
    <ClInclude Include="..\..\..\SRC\openseesCore\Subdomain.h">
      <Filter>openseesCore</Filter>
    </ClInclude>
    <ClInclude Include="..\..\..\SRC\openseesCore\SubdomainNodIter.h">
      <Filter>openseesCore</Filter>
    </ClInclude>
    <ClInclude Include="..\..\..\SRC\openseesCore\TaggedObject.h">
      <Filter>openseesCore</Filter>
    </ClInclude>
    <ClInclude Include="..\..\..\SRC\openseesCore\TaggedObjectIter.h">
      <Filter>openseesCore</Filter>
    </ClInclude>
    <ClInclude Include="..\..\..\SRC\openseesCore\TaggedObjectStorage.h">
      <Filter>openseesCore</Filter>
    </ClInclude>
    <ClInclude Include="..\..\..\SRC\openseesCore\TransientIntegrator.h">
      <Filter>openseesCore</Filter>
    </ClInclude>
    <ClInclude Include="..\..\..\SRC\openseesCore\UniaxialMaterial.h">
      <Filter>openseesCore</Filter>
    </ClInclude>
    <ClInclude Include="..\..\..\SRC\openseesCore\Vector.h">
      <Filter>openseesCore</Filter>
    </ClInclude>
    <ClInclude Include="..\..\..\SRC\openseesCore\Vertex.h">
      <Filter>openseesCore</Filter>
    </ClInclude>
    <ClInclude Include="..\..\..\SRC\openseesCore\VertexIter.h">
      <Filter>openseesCore</Filter>
    </ClInclude>
    <ClInclude Include="..\..\..\SRC\openseesExtra\NewtonLineSearch.h">
      <Filter>openseesExtra</Filter>
    </ClInclude>
    <ClInclude Include="..\..\..\SRC\openseesExtra\RegulaFalsiLineSearch.h">
      <Filter>openseesExtra</Filter>
    </ClInclude>
    <ClInclude Include="..\..\..\SRC\openseesExtra\LineSearch.h">
      <Filter>openseesExtra</Filter>
    </ClInclude>
    <ClInclude Include="..\..\..\SRC\openseesCore\Pressure_Constraint.h">
      <Filter>openseesCore</Filter>
    </ClInclude>
    <ClInclude Include="..\..\..\SRC\openseesCore\SingleDomPC_Iter.h">
      <Filter>openseesCore</Filter>
    </ClInclude>
    <ClInclude Include="..\..\..\SRC\openseesCore\Pressure_ConstraintIter.h">
      <Filter>openseesCore</Filter>
    </ClInclude>
    <ClInclude Include="..\..\..\SRC\openseesCore\BeamFiberMaterial.h">
      <Filter>openseesCore</Filter>
    </ClInclude>
    <ClInclude Include="..\..\..\SRC\openseesCore\BeamFiberMaterial2d.h">
      <Filter>openseesCore</Filter>
    </ClInclude>
    <ClInclude Include="..\..\..\SRC\openseesCore\NDMaterial.h">
      <Filter>openseesCore</Filter>
    </ClInclude>
    <ClInclude Include="..\..\..\SRC\openseesCore\PlaneStrainMaterial.h">
      <Filter>openseesCore</Filter>
    </ClInclude>
    <ClInclude Include="..\..\..\SRC\openseesCore\PlaneStressMaterial.h">
      <Filter>openseesCore</Filter>
    </ClInclude>
    <ClInclude Include="..\..\..\SRC\openseesCore\PlateFiberMaterial.h">
      <Filter>openseesCore</Filter>
    </ClInclude>
    <ClInclude Include="..\..\..\SRC\openseesExtra\LimitCurve.h">
      <Filter>openseesExtra</Filter>
    </ClInclude>
    <ClInclude Include="..\..\..\SRC\experimentalControl\ECSCRAMNetGT.h">
      <Filter>experimentalControl</Filter>
    </ClInclude>
    <ClInclude Include="..\..\..\SRC\experimentalElement\EEBearing2d.h">
      <Filter>experimentalElement</Filter>
    </ClInclude>
    <ClInclude Include="..\..\..\SRC\experimentalElement\EEBearing3d.h">
      <Filter>experimentalElement</Filter>
    </ClInclude>
    <ClInclude Include="..\..\..\SRC\experimentalRecorder\response\ExpTangentStiffResponse.h">
      <Filter>experimentalRecorder\response</Filter>
    </ClInclude>
    <ClInclude Include="..\..\..\SRC\experimentalRecorder\ExpTangentStiffRecorder.h">
      <Filter>experimentalRecorder</Filter>
    </ClInclude>
    <ClInclude Include="..\..\..\SRC\experimentalSignalFilter\ESFKrylovForceConverter.h">
      <Filter>experimentalSignalFilter</Filter>
    </ClInclude>
    <ClInclude Include="..\..\..\SRC\experimentalSignalFilter\ESFTangForceConverter.h">
      <Filter>experimentalSignalFilter</Filter>
    </ClInclude>
    <ClInclude Include="..\..\..\SRC\experimentalTangentStiff\ETBfgs.h">
      <Filter>experimentalTangentStiff</Filter>
    </ClInclude>
    <ClInclude Include="..\..\..\SRC\experimentalTangentStiff\ETBroyden.h">
      <Filter>experimentalTangentStiff</Filter>
    </ClInclude>
    <ClInclude Include="..\..\..\SRC\experimentalTangentStiff\ETTranspose.h">
      <Filter>experimentalTangentStiff</Filter>
    </ClInclude>
    <ClInclude Include="..\..\..\SRC\experimentalTangentStiff\ExperimentalTangentStiff.h">
      <Filter>experimentalTangentStiff</Filter>
    </ClInclude>
    <ClInclude Include="..\..\..\SRC\openseesCore\FrictionModel.h">
      <Filter>openseesCore</Filter>
    </ClInclude>
    <ClInclude Include="..\..\..\SRC\openseesCore\FrictionResponse.h">
      <Filter>openseesCore</Filter>
    </ClInclude>
    <ClInclude Include="..\..\..\SRC\openseesCore\DummyStream.h">
      <Filter>openseesCore</Filter>
    </ClInclude>
    <ClInclude Include="..\..\..\SRC\openseesCore\EigenSOE.h">
      <Filter>openseesCore</Filter>
    </ClInclude>
    <ClInclude Include="..\..\..\SRC\openseesCore\EigenSolver.h">
      <Filter>openseesCore</Filter>
    </ClInclude>
    <ClInclude Include="..\..\..\SRC\openseesCore\PlainMap.h">
      <Filter>openseesCore</Filter>
    </ClInclude>
    <ClInclude Include="..\..\..\SRC\openseesCore\SectionForceDeformation.h">
      <Filter>openseesCore</Filter>
    </ClInclude>
    <ClInclude Include="..\..\..\SRC\experimentalControlPoint\ExpControlSP.h">
      <Filter>experimentalControlPoint</Filter>
    </ClInclude>
    <ClInclude Include="..\..\..\SRC\experimentalControlPoint\ExperimentalCP.h">
      <Filter>experimentalControlPoint</Filter>
    </ClInclude>
    <ClInclude Include="..\..\..\SRC\experimentalSetup\ESThreeActuators.h">
      <Filter>experimentalSetup</Filter>
    </ClInclude>
    <ClInclude Include="..\..\..\SRC\experimentalSetup\ESThreeActuatorsJntOff.h">
      <Filter>experimentalSetup</Filter>
    </ClInclude>
    <ClInclude Include="resource.h">
      <Filter>Header Files</Filter>
    </ClInclude>
    <ClInclude Include="..\..\..\SRC\experimentalControl\ECSimFEAdapter.h">
      <Filter>experimentalControl\Simulation</Filter>
    </ClInclude>
    <ClInclude Include="..\..\..\SRC\experimentalControl\ECSimSimulink.h">
      <Filter>experimentalControl\Simulation</Filter>
    </ClInclude>
    <ClInclude Include="..\..\..\src\experimentalControl\ECSimulation.h">
      <Filter>experimentalControl\Simulation</Filter>
    </ClInclude>
    <ClInclude Include="..\..\..\src\experimentalControl\ECSimUniaxialMaterials.h">
      <Filter>experimentalControl\Simulation</Filter>
    </ClInclude>
    <ClInclude Include="..\..\..\SRC\openseesExtra\DataFileStreamAdd.h">
      <Filter>openseesExtra</Filter>
    </ClInclude>
  </ItemGroup>
  <ItemGroup>
    <CustomBuildStep Include="..\..\..\SRC\experimentalControl\ECMtsCsi.h">
      <Filter>experimentalControl</Filter>
    </CustomBuildStep>
    <CustomBuildStep Include="..\..\..\SRC\experimentalControl\ECSCRAMNet.h">
      <Filter>experimentalControl</Filter>
    </CustomBuildStep>
    <CustomBuildStep Include="..\..\..\SRC\experimentalControl\ECSimDomain.h">
      <Filter>experimentalControl\Simulation</Filter>
    </CustomBuildStep>
  </ItemGroup>
  <ItemGroup>
    <ResourceCompile Include="openFrescoDll.rc">
      <Filter>Resource Files</Filter>
    </ResourceCompile>
  </ItemGroup>
</Project>