Microsoft Visual Studio Solution File, Format Version 12.00
# Visual Studio Version 17
VisualStudioVersion = 17.10.34916.146
MinimumVisualStudioVersion = 10.0.40219.1
Project("{8BC9CEB8-8B4A-11D0-8D11-00A0C91BC942}") = "experimentalControl", "proj\experimentalControl\experimentalControl.vcxproj", "{D9026BC0-B5BF-3BE9-E9CB-3491638F2C38}"
EndProject
Project("{8BC9CEB8-8B4A-11D0-8D11-00A0C91BC942}") = "experimentalElement", "proj\experimentalElement\experimentalElement.vcxproj", "{7799F841-10EA-488D-AB00-996BEDDE12F2}"
EndProject
Project("{8BC9CEB8-8B4A-11D0-8D11-00A0C91BC942}") = "experimentalRecorder", "proj\experimentalRecorder\experimentalRecorder.vcxproj", "{FD32D58D-0595-4ACD-99EC-8D32986765FD}"
EndProject
Project("{8BC9CEB8-8B4A-11D0-8D11-00A0C91BC942}") = "experimentalSetup", "proj\experimentalSetup\experimentalSetup.vcxproj", "{19FA1DB8-33E8-470E-BD1E-0630D3875955}"
EndProject
Project("{8BC9CEB8-8B4A-11D0-8D11-00A0C91BC942}") = "experimentalSite", "proj\experimentalSite\experimentalSite.vcxproj", "{75BC8559-A013-42C3-9E7E-FC3504D891BA}"
EndProject
Project("{8BC9CEB8-8B4A-11D0-8D11-00A0C91BC942}") = "experimentalSignalFilter", "proj\experimentalSignalFilter\experimentalSignalFilter.vcxproj", "{B53B99FB-C5DD-4A38-974E-9E9491B0ADFD}"
EndProject
Project("{8BC9CEB8-8B4A-11D0-8D11-00A0C91BC942}") = "experimentalTangentStiff", "proj\experimentalTangentStiff\experimentalTangentStiff.vcxproj", "{D7C21CEE-CD19-440F-A53D-2466AA27E023}"
EndProject
Project("{8BC9CEB8-8B4A-11D0-8D11-00A0C91BC942}") = "openseesObjects", "proj\openseesObjects\openseesObjects.vcxproj", "{19F1DAAC-9944-4183-94A9-1B9ADD3F8FB8}"
EndProject
Project("{8BC9CEB8-8B4A-11D0-8D11-00A0C91BC942}") = "OpenFrescoTcl_dll", "proj\OpenFrescoTcl_dll\OpenFrescoTcl_dll.vcxproj", "{41D52F86-31CD-4DCF-8F58-BEC7C09D48E7}"
	ProjectSection(ProjectDependencies) = postProject
		{19F1DAAC-9944-4183-94A9-1B9ADD3F8FB8} = {19F1DAAC-9944-4183-94A9-1B9ADD3F8FB8}
		{19FA1DB8-33E8-470E-BD1E-0630D3875955} = {19FA1DB8-33E8-470E-BD1E-0630D3875955}
		{75BC8559-A013-42C3-9E7E-FC3504D891BA} = {75BC8559-A013-42C3-9E7E-FC3504D891BA}
		{7799F841-10EA-488D-AB00-996BEDDE12F2} = {7799F841-10EA-488D-AB00-996BEDDE12F2}
		{B53B99FB-C5DD-4A38-974E-9E9491B0ADFD} = {B53B99FB-C5DD-4A38-974E-9E9491B0ADFD}
		{D7C21CEE-CD19-440F-A53D-2466AA27E023} = {D7C21CEE-CD19-440F-A53D-2466AA27E023}
		{D9026BC0-B5BF-3BE9-E9CB-3491638F2C38} = {D9026BC0-B5BF-3BE9-E9CB-3491638F2C38}
		{FD32D58D-0595-4ACD-99EC-8D32986765FD} = {FD32D58D-0595-4ACD-99EC-8D32986765FD}
	EndProjectSection
EndProject
Project("{8BC9CEB8-8B4A-11D0-8D11-00A0C91BC942}") = "OpenFrescoTcl", "proj\OpenFrescoTcl\OpenFrescoTcl.vcxproj", "{AAF2FD8E-1941-4C21-9653-356DC6D13D91}"
	ProjectSection(ProjectDependencies) = postProject
		{19F1DAAC-9944-4183-94A9-1B9ADD3F8FB8} = {19F1DAAC-9944-4183-94A9-1B9ADD3F8FB8}
		{19FA1DB8-33E8-470E-BD1E-0630D3875955} = {19FA1DB8-33E8-470E-BD1E-0630D3875955}
		{75BC8559-A013-42C3-9E7E-FC3504D891BA} = {75BC8559-A013-42C3-9E7E-FC3504D891BA}
		{7799F841-10EA-488D-AB00-996BEDDE12F2} = {7799F841-10EA-488D-AB00-996BEDDE12F2}
		{B53B99FB-C5DD-4A38-974E-9E9491B0ADFD} = {B53B99FB-C5DD-4A38-974E-9E9491B0ADFD}
		{D7C21CEE-CD19-440F-A53D-2466AA27E023} = {D7C21CEE-CD19-440F-A53D-2466AA27E023}
		{D9026BC0-B5BF-3BE9-E9CB-3491638F2C38} = {D9026BC0-B5BF-3BE9-E9CB-3491638F2C38}
		{FD32D58D-0595-4ACD-99EC-8D32986765FD} = {FD32D58D-0595-4ACD-99EC-8D32986765FD}
	EndProjectSection
EndProject
Project("{8BC9CEB8-8B4A-11D0-8D11-00A0C91BC942}") = "OpenFrescoPy", "proj\OpenFrescoPy\OpenFrescoPy.vcxproj", "{F26CA968-C7ED-4246-A732-388C23BF8822}"
	ProjectSection(ProjectDependencies) = postProject
		{19F1DAAC-9944-4183-94A9-1B9ADD3F8FB8} = {19F1DAAC-9944-4183-94A9-1B9ADD3F8FB8}
		{19FA1DB8-33E8-470E-BD1E-0630D3875955} = {19FA1DB8-33E8-470E-BD1E-0630D3875955}
		{75BC8559-A013-42C3-9E7E-FC3504D891BA} = {75BC8559-A013-42C3-9E7E-FC3504D891BA}
		{7799F841-10EA-488D-AB00-996BEDDE12F2} = {7799F841-10EA-488D-AB00-996BEDDE12F2}
		{B53B99FB-C5DD-4A38-974E-9E9491B0ADFD} = {B53B99FB-C5DD-4A38-974E-9E9491B0ADFD}
		{D7C21CEE-CD19-440F-A53D-2466AA27E023} = {D7C21CEE-CD19-440F-A53D-2466AA27E023}
		{D9026BC0-B5BF-3BE9-E9CB-3491638F2C38} = {D9026BC0-B5BF-3BE9-E9CB-3491638F2C38}
		{FD32D58D-0595-4ACD-99EC-8D32986765FD} = {FD32D58D-0595-4ACD-99EC-8D32986765FD}
	EndProjectSection
EndProject
Project("{8BC9CEB8-8B4A-11D0-8D11-00A0C91BC942}") = "OpenFrescoPy_dll", "proj\OpenFrescoPy_dll\OpenFrescoPy_dll.vcxproj", "{F192420D-CBD7-411C-96C6-8406C8773931}"
	ProjectSection(ProjectDependencies) = postProject
		{19F1DAAC-9944-4183-94A9-1B9ADD3F8FB8} = {19F1DAAC-9944-4183-94A9-1B9ADD3F8FB8}
		{19FA1DB8-33E8-470E-BD1E-0630D3875955} = {19FA1DB8-33E8-470E-BD1E-0630D3875955}
		{75BC8559-A013-42C3-9E7E-FC3504D891BA} = {75BC8559-A013-42C3-9E7E-FC3504D891BA}
		{7799F841-10EA-488D-AB00-996BEDDE12F2} = {7799F841-10EA-488D-AB00-996BEDDE12F2}
		{B53B99FB-C5DD-4A38-974E-9E9491B0ADFD} = {B53B99FB-C5DD-4A38-974E-9E9491B0ADFD}
		{D7C21CEE-CD19-440F-A53D-2466AA27E023} = {D7C21CEE-CD19-440F-A53D-2466AA27E023}
		{D9026BC0-B5BF-3BE9-E9CB-3491638F2C38} = {D9026BC0-B5BF-3BE9-E9CB-3491638F2C38}
		{FD32D58D-0595-4ACD-99EC-8D32986765FD} = {FD32D58D-0595-4ACD-99EC-8D32986765FD}
	EndProjectSection
EndProject
Global
	GlobalSection(SolutionConfigurationPlatforms) = preSolution
		Debug|x64 = Debug|x64
		Debug|x86 = Debug|x86
		Release|x64 = Release|x64
		Release|x86 = Release|x86
	EndGlobalSection
	GlobalSection(ProjectConfigurationPlatforms) = postSolution
		{D9026BC0-B5BF-3BE9-E9CB-3491638F2C38}.Debug|x64.ActiveCfg = Debug|x64
		{D9026BC0-B5BF-3BE9-E9CB-3491638F2C38}.Debug|x64.Build.0 = Debug|x64
		{D9026BC0-B5BF-3BE9-E9CB-3491638F2C38}.Debug|x86.ActiveCfg = Debug|x64
		{D9026BC0-B5BF-3BE9-E9CB-3491638F2C38}.Debug|x86.Build.0 = Debug|x64
		{D9026BC0-B5BF-3BE9-E9CB-3491638F2C38}.Release|x64.ActiveCfg = Release|x64
		{D9026BC0-B5BF-3BE9-E9CB-3491638F2C38}.Release|x64.Build.0 = Release|x64
		{D9026BC0-B5BF-3BE9-E9CB-3491638F2C38}.Release|x86.ActiveCfg = Release|x64
		{D9026BC0-B5BF-3BE9-E9CB-3491638F2C38}.Release|x86.Build.0 = Release|x64
		{7799F841-10EA-488D-AB00-996BEDDE12F2}.Debug|x64.ActiveCfg = Debug|x64
		{7799F841-10EA-488D-AB00-996BEDDE12F2}.Debug|x64.Build.0 = Debug|x64
		{7799F841-10EA-488D-AB00-996BEDDE12F2}.Debug|x86.ActiveCfg = Debug|x64
		{7799F841-10EA-488D-AB00-996BEDDE12F2}.Debug|x86.Build.0 = Debug|x64
		{7799F841-10EA-488D-AB00-996BEDDE12F2}.Release|x64.ActiveCfg = Release|x64
		{7799F841-10EA-488D-AB00-996BEDDE12F2}.Release|x64.Build.0 = Release|x64
		{7799F841-10EA-488D-AB00-996BEDDE12F2}.Release|x86.ActiveCfg = Release|x64
		{7799F841-10EA-488D-AB00-996BEDDE12F2}.Release|x86.Build.0 = Release|x64
		{FD32D58D-0595-4ACD-99EC-8D32986765FD}.Debug|x64.ActiveCfg = Debug|x64
		{FD32D58D-0595-4ACD-99EC-8D32986765FD}.Debug|x64.Build.0 = Debug|x64
		{FD32D58D-0595-4ACD-99EC-8D32986765FD}.Debug|x86.ActiveCfg = Debug|x64
		{FD32D58D-0595-4ACD-99EC-8D32986765FD}.Debug|x86.Build.0 = Debug|x64
		{FD32D58D-0595-4ACD-99EC-8D32986765FD}.Release|x64.ActiveCfg = Release|x64
		{FD32D58D-0595-4ACD-99EC-8D32986765FD}.Release|x64.Build.0 = Release|x64
		{FD32D58D-0595-4ACD-99EC-8D32986765FD}.Release|x86.ActiveCfg = Release|x64
		{FD32D58D-0595-4ACD-99EC-8D32986765FD}.Release|x86.Build.0 = Release|x64
		{19FA1DB8-33E8-470E-BD1E-0630D3875955}.Debug|x64.ActiveCfg = Debug|x64
		{19FA1DB8-33E8-470E-BD1E-0630D3875955}.Debug|x64.Build.0 = Debug|x64
		{19FA1DB8-33E8-470E-BD1E-0630D3875955}.Debug|x86.ActiveCfg = Debug|x64
		{19FA1DB8-33E8-470E-BD1E-0630D3875955}.Debug|x86.Build.0 = Debug|x64
		{19FA1DB8-33E8-470E-BD1E-0630D3875955}.Release|x64.ActiveCfg = Release|x64
		{19FA1DB8-33E8-470E-BD1E-0630D3875955}.Release|x64.Build.0 = Release|x64
		{19FA1DB8-33E8-470E-BD1E-0630D3875955}.Release|x86.ActiveCfg = Release|x64
		{19FA1DB8-33E8-470E-BD1E-0630D3875955}.Release|x86.Build.0 = Release|x64
		{75BC8559-A013-42C3-9E7E-FC3504D891BA}.Debug|x64.ActiveCfg = Debug|x64
		{75BC8559-A013-42C3-9E7E-FC3504D891BA}.Debug|x64.Build.0 = Debug|x64
		{75BC8559-A013-42C3-9E7E-FC3504D891BA}.Debug|x86.ActiveCfg = Debug|x64
		{75BC8559-A013-42C3-9E7E-FC3504D891BA}.Debug|x86.Build.0 = Debug|x64
		{75BC8559-A013-42C3-9E7E-FC3504D891BA}.Release|x64.ActiveCfg = Release|x64
		{75BC8559-A013-42C3-9E7E-FC3504D891BA}.Release|x64.Build.0 = Release|x64
		{75BC8559-A013-42C3-9E7E-FC3504D891BA}.Release|x86.ActiveCfg = Release|x64
		{75BC8559-A013-42C3-9E7E-FC3504D891BA}.Release|x86.Build.0 = Release|x64
		{B53B99FB-C5DD-4A38-974E-9E9491B0ADFD}.Debug|x64.ActiveCfg = Debug|x64
		{B53B99FB-C5DD-4A38-974E-9E9491B0ADFD}.Debug|x64.Build.0 = Debug|x64
		{B53B99FB-C5DD-4A38-974E-9E9491B0ADFD}.Debug|x86.ActiveCfg = Debug|x64
		{B53B99FB-C5DD-4A38-974E-9E9491B0ADFD}.Debug|x86.Build.0 = Debug|x64
		{B53B99FB-C5DD-4A38-974E-9E9491B0ADFD}.Release|x64.ActiveCfg = Release|x64
		{B53B99FB-C5DD-4A38-974E-9E9491B0ADFD}.Release|x64.Build.0 = Release|x64
		{B53B99FB-C5DD-4A38-974E-9E9491B0ADFD}.Release|x86.ActiveCfg = Release|x64
		{B53B99FB-C5DD-4A38-974E-9E9491B0ADFD}.Release|x86.Build.0 = Release|x64
		{D7C21CEE-CD19-440F-A53D-2466AA27E023}.Debug|x64.ActiveCfg = Debug|x64
		{D7C21CEE-CD19-440F-A53D-2466AA27E023}.Debug|x64.Build.0 = Debug|x64
		{D7C21CEE-CD19-440F-A53D-2466AA27E023}.Debug|x86.ActiveCfg = Debug|x64
		{D7C21CEE-CD19-440F-A53D-2466AA27E023}.Debug|x86.Build.0 = Debug|x64
		{D7C21CEE-CD19-440F-A53D-2466AA27E023}.Release|x64.ActiveCfg = Release|x64
		{D7C21CEE-CD19-440F-A53D-2466AA27E023}.Release|x64.Build.0 = Release|x64
		{D7C21CEE-CD19-440F-A53D-2466AA27E023}.Release|x86.ActiveCfg = Release|x64
		{D7C21CEE-CD19-440F-A53D-2466AA27E023}.Release|x86.Build.0 = Release|x64
		{19F1DAAC-9944-4183-94A9-1B9ADD3F8FB8}.Debug|x64.ActiveCfg = Debug|x64
		{19F1DAAC-9944-4183-94A9-1B9ADD3F8FB8}.Debug|x64.Build.0 = Debug|x64
		{19F1DAAC-9944-4183-94A9-1B9ADD3F8FB8}.Debug|x86.ActiveCfg = Debug|x64
		{19F1DAAC-9944-4183-94A9-1B9ADD3F8FB8}.Debug|x86.Build.0 = Debug|x64
		{19F1DAAC-9944-4183-94A9-1B9ADD3F8FB8}.Release|x64.ActiveCfg = Release|x64
		{19F1DAAC-9944-4183-94A9-1B9ADD3F8FB8}.Release|x64.Build.0 = Release|x64
		{19F1DAAC-9944-4183-94A9-1B9ADD3F8FB8}.Release|x86.ActiveCfg = Release|x64
		{19F1DAAC-9944-4183-94A9-1B9ADD3F8FB8}.Release|x86.Build.0 = Release|x64
		{41D52F86-31CD-4DCF-8F58-BEC7C09D48E7}.Debug|x64.ActiveCfg = Debug|x64
		{41D52F86-31CD-4DCF-8F58-BEC7C09D48E7}.Debug|x64.Build.0 = Debug|x64
		{41D52F86-31CD-4DCF-8F58-BEC7C09D48E7}.Debug|x86.ActiveCfg = Debug|Win32
		{41D52F86-31CD-4DCF-8F58-BEC7C09D48E7}.Debug|x86.Build.0 = Debug|Win32
		{41D52F86-31CD-4DCF-8F58-BEC7C09D48E7}.Release|x64.ActiveCfg = Release|x64
		{41D52F86-31CD-4DCF-8F58-BEC7C09D48E7}.Release|x64.Build.0 = Release|x64
		{41D52F86-31CD-4DCF-8F58-BEC7C09D48E7}.Release|x86.ActiveCfg = Release|Win32
		{41D52F86-31CD-4DCF-8F58-BEC7C09D48E7}.Release|x86.Build.0 = Release|Win32
		{AAF2FD8E-1941-4C21-9653-356DC6D13D91}.Debug|x64.ActiveCfg = Debug|x64
		{AAF2FD8E-1941-4C21-9653-356DC6D13D91}.Debug|x64.Build.0 = Debug|x64
		{AAF2FD8E-1941-4C21-9653-356DC6D13D91}.Debug|x86.ActiveCfg = Debug|Win32
		{AAF2FD8E-1941-4C21-9653-356DC6D13D91}.Debug|x86.Build.0 = Debug|Win32
		{AAF2FD8E-1941-4C21-9653-356DC6D13D91}.Release|x64.ActiveCfg = Release|x64
		{AAF2FD8E-1941-4C21-9653-356DC6D13D91}.Release|x64.Build.0 = Release|x64
		{AAF2FD8E-1941-4C21-9653-356DC6D13D91}.Release|x86.ActiveCfg = Release|Win32
		{AAF2FD8E-1941-4C21-9653-356DC6D13D91}.Release|x86.Build.0 = Release|Win32
		{F26CA968-C7ED-4246-A732-388C23BF8822}.Debug|x64.ActiveCfg = Debug|x64
		{F26CA968-C7ED-4246-A732-388C23BF8822}.Debug|x64.Build.0 = Debug|x64
		{F26CA968-C7ED-4246-A732-388C23BF8822}.Debug|x86.ActiveCfg = Debug|x64
		{F26CA968-C7ED-4246-A732-388C23BF8822}.Debug|x86.Build.0 = Debug|x64
		{F26CA968-C7ED-4246-A732-388C23BF8822}.Release|x64.ActiveCfg = Release|x64
		{F26CA968-C7ED-4246-A732-388C23BF8822}.Release|x64.Build.0 = Release|x64
		{F26CA968-C7ED-4246-A732-388C23BF8822}.Release|x86.ActiveCfg = Release|x64
		{F26CA968-C7ED-4246-A732-388C23BF8822}.Release|x86.Build.0 = Release|x64
		{F192420D-CBD7-411C-96C6-8406C8773931}.Debug|x64.ActiveCfg = Debug|x64
		{F192420D-CBD7-411C-96C6-8406C8773931}.Debug|x64.Build.0 = Debug|x64
		{F192420D-CBD7-411C-96C6-8406C8773931}.Debug|x86.ActiveCfg = Debug|Win32
		{F192420D-CBD7-411C-96C6-8406C8773931}.Debug|x86.Build.0 = Debug|Win32
		{F192420D-CBD7-411C-96C6-8406C8773931}.Release|x64.ActiveCfg = Release|x64
		{F192420D-CBD7-411C-96C6-8406C8773931}.Release|x64.Build.0 = Release|x64
		{F192420D-CBD7-411C-96C6-8406C8773931}.Release|x86.ActiveCfg = Release|Win32
		{F192420D-CBD7-411C-96C6-8406C8773931}.Release|x86.Build.0 = Release|Win32
	EndGlobalSection
	GlobalSection(SolutionProperties) = preSolution
		HideSolutionNode = FALSE
	EndGlobalSection
	GlobalSection(ExtensibilityGlobals) = postSolution
		SolutionGuid = {30D138E9-C5FC-4142-B5CB-483FCCC482F1}
	EndGlobalSection
EndGlobal
